// !$*UTF8*$!
{
	archiveVersion = 1;
	classes = {
	};
	objectVersion = 56;
	objects = {

/* Begin PBXBuildFile section */
		8E0476C229FA836B00185885 /* AffichagesDesElevesTableViewController.swift in Sources */ = {isa = PBXBuildFile; fileRef = 8E0476C129FA836B00185885 /* AffichagesDesElevesTableViewController.swift */; };
		8E46DAA329FAED800091A3A1 /* AjouterEleveViewController.swift in Sources */ = {isa = PBXBuildFile; fileRef = 8E46DAA229FAED800091A3A1 /* AjouterEleveViewController.swift */; };
		8E955C8E29F96DE30047DE45 /* Tools.swift in Sources */ = {isa = PBXBuildFile; fileRef = 8E955C8D29F96DE30047DE45 /* Tools.swift */; };
		8EA26BAA29F9064D00B2EC45 /* AppDelegate.swift in Sources */ = {isa = PBXBuildFile; fileRef = 8EA26BA929F9064D00B2EC45 /* AppDelegate.swift */; };
		8EA26BAC29F9064D00B2EC45 /* SceneDelegate.swift in Sources */ = {isa = PBXBuildFile; fileRef = 8EA26BAB29F9064D00B2EC45 /* SceneDelegate.swift */; };
		8EA26BAE29F9064D00B2EC45 /* ViewController.swift in Sources */ = {isa = PBXBuildFile; fileRef = 8EA26BAD29F9064D00B2EC45 /* ViewController.swift */; };
		8EA26BB129F9064D00B2EC45 /* Main.storyboard in Resources */ = {isa = PBXBuildFile; fileRef = 8EA26BAF29F9064D00B2EC45 /* Main.storyboard */; };
		8EA26BB429F9064D00B2EC45 /* AbsenceElevesProj10.xcdatamodeld in Sources */ = {isa = PBXBuildFile; fileRef = 8EA26BB229F9064D00B2EC45 /* AbsenceElevesProj10.xcdatamodeld */; };
		8EA26BB629F9064D00B2EC45 /* Assets.xcassets in Resources */ = {isa = PBXBuildFile; fileRef = 8EA26BB529F9064D00B2EC45 /* Assets.xcassets */; };
		8EA26BB929F9064D00B2EC45 /* LaunchScreen.storyboard in Resources */ = {isa = PBXBuildFile; fileRef = 8EA26BB729F9064D00B2EC45 /* LaunchScreen.storyboard */; };
		8EA26BC429F9064E00B2EC45 /* AbsenceElevesProj10Tests.swift in Sources */ = {isa = PBXBuildFile; fileRef = 8EA26BC329F9064E00B2EC45 /* AbsenceElevesProj10Tests.swift */; };
		8EA26BCE29F9064E00B2EC45 /* AbsenceElevesProj10UITests.swift in Sources */ = {isa = PBXBuildFile; fileRef = 8EA26BCD29F9064E00B2EC45 /* AbsenceElevesProj10UITests.swift */; };
		8EA26BD029F9064E00B2EC45 /* AbsenceElevesProj10UITestsLaunchTests.swift in Sources */ = {isa = PBXBuildFile; fileRef = 8EA26BCF29F9064E00B2EC45 /* AbsenceElevesProj10UITestsLaunchTests.swift */; };
		8EA26BDD29F9067F00B2EC45 /* Eleve.swift in Sources */ = {isa = PBXBuildFile; fileRef = 8EA26BDC29F9067F00B2EC45 /* Eleve.swift */; };
		8EA26BDF29F9069200B2EC45 /* TestEleve.swift in Sources */ = {isa = PBXBuildFile; fileRef = 8EA26BDE29F9069200B2EC45 /* TestEleve.swift */; };
		8EA26BE229F9069F00B2EC45 /* XCTest.framework in Frameworks */ = {isa = PBXBuildFile; fileRef = 8EA26BE129F9069F00B2EC45 /* XCTest.framework */; };
		8EA26BE629F90ADE00B2EC45 /* Time.swift in Sources */ = {isa = PBXBuildFile; fileRef = 8EA26BE529F90ADE00B2EC45 /* Time.swift */; };
		8EA26BE829F90BA000B2EC45 /* GroupeEleve.swift in Sources */ = {isa = PBXBuildFile; fileRef = 8EA26BE729F90BA000B2EC45 /* GroupeEleve.swift */; };
/* End PBXBuildFile section */

/* Begin PBXContainerItemProxy section */
		8EA26BC029F9064E00B2EC45 /* PBXContainerItemProxy */ = {
			isa = PBXContainerItemProxy;
			containerPortal = 8EA26B9E29F9064D00B2EC45 /* Project object */;
			proxyType = 1;
			remoteGlobalIDString = 8EA26BA529F9064D00B2EC45;
			remoteInfo = AbsenceElevesProj10;
		};
		8EA26BCA29F9064E00B2EC45 /* PBXContainerItemProxy */ = {
			isa = PBXContainerItemProxy;
			containerPortal = 8EA26B9E29F9064D00B2EC45 /* Project object */;
			proxyType = 1;
			remoteGlobalIDString = 8EA26BA529F9064D00B2EC45;
			remoteInfo = AbsenceElevesProj10;
		};
/* End PBXContainerItemProxy section */

/* Begin PBXFileReference section */
		8E0476C129FA836B00185885 /* AffichagesDesElevesTableViewController.swift */ = {isa = PBXFileReference; lastKnownFileType = sourcecode.swift; path = AffichagesDesElevesTableViewController.swift; sourceTree = "<group>"; };
		8E46DAA229FAED800091A3A1 /* AjouterEleveViewController.swift */ = {isa = PBXFileReference; lastKnownFileType = sourcecode.swift; path = AjouterEleveViewController.swift; sourceTree = "<group>"; };
		8E955C8D29F96DE30047DE45 /* Tools.swift */ = {isa = PBXFileReference; lastKnownFileType = sourcecode.swift; path = Tools.swift; sourceTree = "<group>"; };
		8EA26BA629F9064D00B2EC45 /* AbsenceElevesProj10.app */ = {isa = PBXFileReference; explicitFileType = wrapper.application; includeInIndex = 0; path = AbsenceElevesProj10.app; sourceTree = BUILT_PRODUCTS_DIR; };
		8EA26BA929F9064D00B2EC45 /* AppDelegate.swift */ = {isa = PBXFileReference; lastKnownFileType = sourcecode.swift; path = AppDelegate.swift; sourceTree = "<group>"; };
		8EA26BAB29F9064D00B2EC45 /* SceneDelegate.swift */ = {isa = PBXFileReference; lastKnownFileType = sourcecode.swift; path = SceneDelegate.swift; sourceTree = "<group>"; };
		8EA26BAD29F9064D00B2EC45 /* ViewController.swift */ = {isa = PBXFileReference; lastKnownFileType = sourcecode.swift; path = ViewController.swift; sourceTree = "<group>"; };
		8EA26BB029F9064D00B2EC45 /* Base */ = {isa = PBXFileReference; lastKnownFileType = file.storyboard; name = Base; path = Base.lproj/Main.storyboard; sourceTree = "<group>"; };
		8EA26BB329F9064D00B2EC45 /* AbsenceElevesProj10.xcdatamodel */ = {isa = PBXFileReference; lastKnownFileType = wrapper.xcdatamodel; path = AbsenceElevesProj10.xcdatamodel; sourceTree = "<group>"; };
		8EA26BB529F9064D00B2EC45 /* Assets.xcassets */ = {isa = PBXFileReference; lastKnownFileType = folder.assetcatalog; path = Assets.xcassets; sourceTree = "<group>"; };
		8EA26BB829F9064D00B2EC45 /* Base */ = {isa = PBXFileReference; lastKnownFileType = file.storyboard; name = Base; path = Base.lproj/LaunchScreen.storyboard; sourceTree = "<group>"; };
		8EA26BBA29F9064D00B2EC45 /* Info.plist */ = {isa = PBXFileReference; lastKnownFileType = text.plist.xml; path = Info.plist; sourceTree = "<group>"; };
		8EA26BBF29F9064E00B2EC45 /* AbsenceElevesProj10Tests.xctest */ = {isa = PBXFileReference; explicitFileType = wrapper.cfbundle; includeInIndex = 0; path = AbsenceElevesProj10Tests.xctest; sourceTree = BUILT_PRODUCTS_DIR; };
		8EA26BC329F9064E00B2EC45 /* AbsenceElevesProj10Tests.swift */ = {isa = PBXFileReference; lastKnownFileType = sourcecode.swift; path = AbsenceElevesProj10Tests.swift; sourceTree = "<group>"; };
		8EA26BC929F9064E00B2EC45 /* AbsenceElevesProj10UITests.xctest */ = {isa = PBXFileReference; explicitFileType = wrapper.cfbundle; includeInIndex = 0; path = AbsenceElevesProj10UITests.xctest; sourceTree = BUILT_PRODUCTS_DIR; };
		8EA26BCD29F9064E00B2EC45 /* AbsenceElevesProj10UITests.swift */ = {isa = PBXFileReference; lastKnownFileType = sourcecode.swift; path = AbsenceElevesProj10UITests.swift; sourceTree = "<group>"; };
		8EA26BCF29F9064E00B2EC45 /* AbsenceElevesProj10UITestsLaunchTests.swift */ = {isa = PBXFileReference; lastKnownFileType = sourcecode.swift; path = AbsenceElevesProj10UITestsLaunchTests.swift; sourceTree = "<group>"; };
		8EA26BDC29F9067F00B2EC45 /* Eleve.swift */ = {isa = PBXFileReference; lastKnownFileType = sourcecode.swift; path = Eleve.swift; sourceTree = "<group>"; };
		8EA26BDE29F9069200B2EC45 /* TestEleve.swift */ = {isa = PBXFileReference; lastKnownFileType = sourcecode.swift; path = TestEleve.swift; sourceTree = "<group>"; };
		8EA26BE129F9069F00B2EC45 /* XCTest.framework */ = {isa = PBXFileReference; lastKnownFileType = wrapper.framework; name = XCTest.framework; path = Platforms/iPhoneOS.platform/Developer/Library/Frameworks/XCTest.framework; sourceTree = DEVELOPER_DIR; };
		8EA26BE529F90ADE00B2EC45 /* Time.swift */ = {isa = PBXFileReference; lastKnownFileType = sourcecode.swift; path = Time.swift; sourceTree = "<group>"; };
		8EA26BE729F90BA000B2EC45 /* GroupeEleve.swift */ = {isa = PBXFileReference; lastKnownFileType = sourcecode.swift; path = GroupeEleve.swift; sourceTree = "<group>"; };
/* End PBXFileReference section */

/* Begin PBXFrameworksBuildPhase section */
		8EA26BA329F9064D00B2EC45 /* Frameworks */ = {
			isa = PBXFrameworksBuildPhase;
			buildActionMask = 2147483647;
			files = (
				8EA26BE229F9069F00B2EC45 /* XCTest.framework in Frameworks */,
			);
			runOnlyForDeploymentPostprocessing = 0;
		};
		8EA26BBC29F9064E00B2EC45 /* Frameworks */ = {
			isa = PBXFrameworksBuildPhase;
			buildActionMask = 2147483647;
			files = (
			);
			runOnlyForDeploymentPostprocessing = 0;
		};
		8EA26BC629F9064E00B2EC45 /* Frameworks */ = {
			isa = PBXFrameworksBuildPhase;
			buildActionMask = 2147483647;
			files = (
			);
			runOnlyForDeploymentPostprocessing = 0;
		};
/* End PBXFrameworksBuildPhase section */

/* Begin PBXGroup section */
		8EA26B9D29F9064D00B2EC45 = {
			isa = PBXGroup;
			children = (
				8EA26BA829F9064D00B2EC45 /* AbsenceElevesProj10 */,
				8EA26BC229F9064E00B2EC45 /* AbsenceElevesProj10Tests */,
				8EA26BCC29F9064E00B2EC45 /* AbsenceElevesProj10UITests */,
				8EA26BA729F9064D00B2EC45 /* Products */,
				8EA26BE029F9069E00B2EC45 /* Frameworks */,
			);
			sourceTree = "<group>";
		};
		8EA26BA729F9064D00B2EC45 /* Products */ = {
			isa = PBXGroup;
			children = (
				8EA26BA629F9064D00B2EC45 /* AbsenceElevesProj10.app */,
				8EA26BBF29F9064E00B2EC45 /* AbsenceElevesProj10Tests.xctest */,
				8EA26BC929F9064E00B2EC45 /* AbsenceElevesProj10UITests.xctest */,
			);
			name = Products;
			sourceTree = "<group>";
		};
		8EA26BA829F9064D00B2EC45 /* AbsenceElevesProj10 */ = {
			isa = PBXGroup;
			children = (
				8EA26BA929F9064D00B2EC45 /* AppDelegate.swift */,
				8EA26BDC29F9067F00B2EC45 /* Eleve.swift */,
				8EA26BE729F90BA000B2EC45 /* GroupeEleve.swift */,
				8E955C8D29F96DE30047DE45 /* Tools.swift */,
				8EA26BE529F90ADE00B2EC45 /* Time.swift */,
				8EA26BAB29F9064D00B2EC45 /* SceneDelegate.swift */,
				8EA26BAD29F9064D00B2EC45 /* ViewController.swift */,
				8EA26BAF29F9064D00B2EC45 /* Main.storyboard */,
				8E46DAA229FAED800091A3A1 /* AjouterEleveViewController.swift */,
				8E0476C129FA836B00185885 /* AffichagesDesElevesTableViewController.swift */,
				8EA26BB529F9064D00B2EC45 /* Assets.xcassets */,
				8EA26BB729F9064D00B2EC45 /* LaunchScreen.storyboard */,
				8EA26BBA29F9064D00B2EC45 /* Info.plist */,
				8EA26BB229F9064D00B2EC45 /* AbsenceElevesProj10.xcdatamodeld */,
			);
			path = AbsenceElevesProj10;
			sourceTree = "<group>";
		};
		8EA26BC229F9064E00B2EC45 /* AbsenceElevesProj10Tests */ = {
			isa = PBXGroup;
			children = (
				8EA26BC329F9064E00B2EC45 /* AbsenceElevesProj10Tests.swift */,
				8EA26BDE29F9069200B2EC45 /* TestEleve.swift */,
			);
			path = AbsenceElevesProj10Tests;
			sourceTree = "<group>";
		};
		8EA26BCC29F9064E00B2EC45 /* AbsenceElevesProj10UITests */ = {
			isa = PBXGroup;
			children = (
				8EA26BCD29F9064E00B2EC45 /* AbsenceElevesProj10UITests.swift */,
				8EA26BCF29F9064E00B2EC45 /* AbsenceElevesProj10UITestsLaunchTests.swift */,
			);
			path = AbsenceElevesProj10UITests;
			sourceTree = "<group>";
		};
		8EA26BE029F9069E00B2EC45 /* Frameworks */ = {
			isa = PBXGroup;
			children = (
				8EA26BE129F9069F00B2EC45 /* XCTest.framework */,
			);
			name = Frameworks;
			sourceTree = "<group>";
		};
/* End PBXGroup section */

/* Begin PBXNativeTarget section */
		8EA26BA529F9064D00B2EC45 /* AbsenceElevesProj10 */ = {
			isa = PBXNativeTarget;
			buildConfigurationList = 8EA26BD329F9064E00B2EC45 /* Build configuration list for PBXNativeTarget "AbsenceElevesProj10" */;
			buildPhases = (
				8EA26BA229F9064D00B2EC45 /* Sources */,
				8EA26BA329F9064D00B2EC45 /* Frameworks */,
				8EA26BA429F9064D00B2EC45 /* Resources */,
			);
			buildRules = (
			);
			dependencies = (
			);
			name = AbsenceElevesProj10;
			productName = AbsenceElevesProj10;
			productReference = 8EA26BA629F9064D00B2EC45 /* AbsenceElevesProj10.app */;
			productType = "com.apple.product-type.application";
		};
		8EA26BBE29F9064E00B2EC45 /* AbsenceElevesProj10Tests */ = {
			isa = PBXNativeTarget;
			buildConfigurationList = 8EA26BD629F9064E00B2EC45 /* Build configuration list for PBXNativeTarget "AbsenceElevesProj10Tests" */;
			buildPhases = (
				8EA26BBB29F9064E00B2EC45 /* Sources */,
				8EA26BBC29F9064E00B2EC45 /* Frameworks */,
				8EA26BBD29F9064E00B2EC45 /* Resources */,
			);
			buildRules = (
			);
			dependencies = (
				8EA26BC129F9064E00B2EC45 /* PBXTargetDependency */,
			);
			name = AbsenceElevesProj10Tests;
			productName = AbsenceElevesProj10Tests;
			productReference = 8EA26BBF29F9064E00B2EC45 /* AbsenceElevesProj10Tests.xctest */;
			productType = "com.apple.product-type.bundle.unit-test";
		};
		8EA26BC829F9064E00B2EC45 /* AbsenceElevesProj10UITests */ = {
			isa = PBXNativeTarget;
			buildConfigurationList = 8EA26BD929F9064E00B2EC45 /* Build configuration list for PBXNativeTarget "AbsenceElevesProj10UITests" */;
			buildPhases = (
				8EA26BC529F9064E00B2EC45 /* Sources */,
				8EA26BC629F9064E00B2EC45 /* Frameworks */,
				8EA26BC729F9064E00B2EC45 /* Resources */,
			);
			buildRules = (
			);
			dependencies = (
				8EA26BCB29F9064E00B2EC45 /* PBXTargetDependency */,
			);
			name = AbsenceElevesProj10UITests;
			productName = AbsenceElevesProj10UITests;
			productReference = 8EA26BC929F9064E00B2EC45 /* AbsenceElevesProj10UITests.xctest */;
			productType = "com.apple.product-type.bundle.ui-testing";
		};
/* End PBXNativeTarget section */

/* Begin PBXProject section */
		8EA26B9E29F9064D00B2EC45 /* Project object */ = {
			isa = PBXProject;
			attributes = {
				BuildIndependentTargetsInParallel = 1;
				LastSwiftUpdateCheck = 1430;
				LastUpgradeCheck = 1430;
				TargetAttributes = {
					8EA26BA529F9064D00B2EC45 = {
						CreatedOnToolsVersion = 14.3;
					};
					8EA26BBE29F9064E00B2EC45 = {
						CreatedOnToolsVersion = 14.3;
						TestTargetID = 8EA26BA529F9064D00B2EC45;
					};
					8EA26BC829F9064E00B2EC45 = {
						CreatedOnToolsVersion = 14.3;
						TestTargetID = 8EA26BA529F9064D00B2EC45;
					};
				};
			};
			buildConfigurationList = 8EA26BA129F9064D00B2EC45 /* Build configuration list for PBXProject "AbsenceElevesProj10" */;
			compatibilityVersion = "Xcode 14.0";
			developmentRegion = en;
			hasScannedForEncodings = 0;
			knownRegions = (
				en,
				Base,
			);
			mainGroup = 8EA26B9D29F9064D00B2EC45;
			productRefGroup = 8EA26BA729F9064D00B2EC45 /* Products */;
			projectDirPath = "";
			projectRoot = "";
			targets = (
				8EA26BA529F9064D00B2EC45 /* AbsenceElevesProj10 */,
				8EA26BBE29F9064E00B2EC45 /* AbsenceElevesProj10Tests */,
				8EA26BC829F9064E00B2EC45 /* AbsenceElevesProj10UITests */,
			);
		};
/* End PBXProject section */

/* Begin PBXResourcesBuildPhase section */
		8EA26BA429F9064D00B2EC45 /* Resources */ = {
			isa = PBXResourcesBuildPhase;
			buildActionMask = 2147483647;
			files = (
				8EA26BB929F9064D00B2EC45 /* LaunchScreen.storyboard in Resources */,
				8EA26BB629F9064D00B2EC45 /* Assets.xcassets in Resources */,
				8EA26BB129F9064D00B2EC45 /* Main.storyboard in Resources */,
			);
			runOnlyForDeploymentPostprocessing = 0;
		};
		8EA26BBD29F9064E00B2EC45 /* Resources */ = {
			isa = PBXResourcesBuildPhase;
			buildActionMask = 2147483647;
			files = (
			);
			runOnlyForDeploymentPostprocessing = 0;
		};
		8EA26BC729F9064E00B2EC45 /* Resources */ = {
			isa = PBXResourcesBuildPhase;
			buildActionMask = 2147483647;
			files = (
			);
			runOnlyForDeploymentPostprocessing = 0;
		};
/* End PBXResourcesBuildPhase section */

/* Begin PBXSourcesBuildPhase section */
		8EA26BA229F9064D00B2EC45 /* Sources */ = {
			isa = PBXSourcesBuildPhase;
			buildActionMask = 2147483647;
			files = (
				8EA26BE629F90ADE00B2EC45 /* Time.swift in Sources */,
				8EA26BAE29F9064D00B2EC45 /* ViewController.swift in Sources */,
				8EA26BAA29F9064D00B2EC45 /* AppDelegate.swift in Sources */,
				8E0476C229FA836B00185885 /* AffichagesDesElevesTableViewController.swift in Sources */,
				8EA26BB429F9064D00B2EC45 /* AbsenceElevesProj10.xcdatamodeld in Sources */,
				8EA26BE829F90BA000B2EC45 /* GroupeEleve.swift in Sources */,
				8EA26BDD29F9067F00B2EC45 /* Eleve.swift in Sources */,
				8EA26BAC29F9064D00B2EC45 /* SceneDelegate.swift in Sources */,
				8E46DAA329FAED800091A3A1 /* AjouterEleveViewController.swift in Sources */,
				8E955C8E29F96DE30047DE45 /* Tools.swift in Sources */,
			);
			runOnlyForDeploymentPostprocessing = 0;
		};
		8EA26BBB29F9064E00B2EC45 /* Sources */ = {
			isa = PBXSourcesBuildPhase;
			buildActionMask = 2147483647;
			files = (
				8EA26BC429F9064E00B2EC45 /* AbsenceElevesProj10Tests.swift in Sources */,
				8EA26BDF29F9069200B2EC45 /* TestEleve.swift in Sources */,
			);
			runOnlyForDeploymentPostprocessing = 0;
		};
		8EA26BC529F9064E00B2EC45 /* Sources */ = {
			isa = PBXSourcesBuildPhase;
			buildActionMask = 2147483647;
			files = (
				8EA26BD029F9064E00B2EC45 /* AbsenceElevesProj10UITestsLaunchTests.swift in Sources */,
				8EA26BCE29F9064E00B2EC45 /* AbsenceElevesProj10UITests.swift in Sources */,
			);
			runOnlyForDeploymentPostprocessing = 0;
		};
/* End PBXSourcesBuildPhase section */

/* Begin PBXTargetDependency section */
		8EA26BC129F9064E00B2EC45 /* PBXTargetDependency */ = {
			isa = PBXTargetDependency;
			target = 8EA26BA529F9064D00B2EC45 /* AbsenceElevesProj10 */;
			targetProxy = 8EA26BC029F9064E00B2EC45 /* PBXContainerItemProxy */;
		};
		8EA26BCB29F9064E00B2EC45 /* PBXTargetDependency */ = {
			isa = PBXTargetDependency;
			target = 8EA26BA529F9064D00B2EC45 /* AbsenceElevesProj10 */;
			targetProxy = 8EA26BCA29F9064E00B2EC45 /* PBXContainerItemProxy */;
		};
/* End PBXTargetDependency section */

/* Begin PBXVariantGroup section */
		8EA26BAF29F9064D00B2EC45 /* Main.storyboard */ = {
			isa = PBXVariantGroup;
			children = (
				8EA26BB029F9064D00B2EC45 /* Base */,
			);
			name = Main.storyboard;
			sourceTree = "<group>";
		};
		8EA26BB729F9064D00B2EC45 /* LaunchScreen.storyboard */ = {
			isa = PBXVariantGroup;
			children = (
				8EA26BB829F9064D00B2EC45 /* Base */,
			);
			name = LaunchScreen.storyboard;
			sourceTree = "<group>";
		};
/* End PBXVariantGroup section */

/* Begin XCBuildConfiguration section */
		8EA26BD129F9064E00B2EC45 /* Debug */ = {
			isa = XCBuildConfiguration;
			buildSettings = {
				ALWAYS_SEARCH_USER_PATHS = NO;
				CLANG_ANALYZER_NONNULL = YES;
				CLANG_ANALYZER_NUMBER_OBJECT_CONVERSION = YES_AGGRESSIVE;
				CLANG_CXX_LANGUAGE_STANDARD = "gnu++20";
				CLANG_ENABLE_MODULES = YES;
				CLANG_ENABLE_OBJC_ARC = YES;
				CLANG_ENABLE_OBJC_WEAK = YES;
				CLANG_WARN_BLOCK_CAPTURE_AUTORELEASING = YES;
				CLANG_WARN_BOOL_CONVERSION = YES;
				CLANG_WARN_COMMA = YES;
				CLANG_WARN_CONSTANT_CONVERSION = YES;
				CLANG_WARN_DEPRECATED_OBJC_IMPLEMENTATIONS = YES;
				CLANG_WARN_DIRECT_OBJC_ISA_USAGE = YES_ERROR;
				CLANG_WARN_DOCUMENTATION_COMMENTS = YES;
				CLANG_WARN_EMPTY_BODY = YES;
				CLANG_WARN_ENUM_CONVERSION = YES;
				CLANG_WARN_INFINITE_RECURSION = YES;
				CLANG_WARN_INT_CONVERSION = YES;
				CLANG_WARN_NON_LITERAL_NULL_CONVERSION = YES;
				CLANG_WARN_OBJC_IMPLICIT_RETAIN_SELF = YES;
				CLANG_WARN_OBJC_LITERAL_CONVERSION = YES;
				CLANG_WARN_OBJC_ROOT_CLASS = YES_ERROR;
				CLANG_WARN_QUOTED_INCLUDE_IN_FRAMEWORK_HEADER = YES;
				CLANG_WARN_RANGE_LOOP_ANALYSIS = YES;
				CLANG_WARN_STRICT_PROTOTYPES = YES;
				CLANG_WARN_SUSPICIOUS_MOVE = YES;
				CLANG_WARN_UNGUARDED_AVAILABILITY = YES_AGGRESSIVE;
				CLANG_WARN_UNREACHABLE_CODE = YES;
				CLANG_WARN__DUPLICATE_METHOD_MATCH = YES;
				COPY_PHASE_STRIP = NO;
				DEBUG_INFORMATION_FORMAT = dwarf;
				ENABLE_STRICT_OBJC_MSGSEND = YES;
				ENABLE_TESTABILITY = YES;
				GCC_C_LANGUAGE_STANDARD = gnu11;
				GCC_DYNAMIC_NO_PIC = NO;
				GCC_NO_COMMON_BLOCKS = YES;
				GCC_OPTIMIZATION_LEVEL = 0;
				GCC_PREPROCESSOR_DEFINITIONS = (
					"DEBUG=1",
					"$(inherited)",
				);
				GCC_WARN_64_TO_32_BIT_CONVERSION = YES;
				GCC_WARN_ABOUT_RETURN_TYPE = YES_ERROR;
				GCC_WARN_UNDECLARED_SELECTOR = YES;
				GCC_WARN_UNINITIALIZED_AUTOS = YES_AGGRESSIVE;
				GCC_WARN_UNUSED_FUNCTION = YES;
				GCC_WARN_UNUSED_VARIABLE = YES;
				IPHONEOS_DEPLOYMENT_TARGET = 16.4;
				MTL_ENABLE_DEBUG_INFO = INCLUDE_SOURCE;
				MTL_FAST_MATH = YES;
				ONLY_ACTIVE_ARCH = YES;
				SDKROOT = iphoneos;
				SWIFT_ACTIVE_COMPILATION_CONDITIONS = DEBUG;
				SWIFT_OPTIMIZATION_LEVEL = "-Onone";
			};
			name = Debug;
		};
		8EA26BD229F9064E00B2EC45 /* Release */ = {
			isa = XCBuildConfiguration;
			buildSettings = {
				ALWAYS_SEARCH_USER_PATHS = NO;
				CLANG_ANALYZER_NONNULL = YES;
				CLANG_ANALYZER_NUMBER_OBJECT_CONVERSION = YES_AGGRESSIVE;
				CLANG_CXX_LANGUAGE_STANDARD = "gnu++20";
				CLANG_ENABLE_MODULES = YES;
				CLANG_ENABLE_OBJC_ARC = YES;
				CLANG_ENABLE_OBJC_WEAK = YES;
				CLANG_WARN_BLOCK_CAPTURE_AUTORELEASING = YES;
				CLANG_WARN_BOOL_CONVERSION = YES;
				CLANG_WARN_COMMA = YES;
				CLANG_WARN_CONSTANT_CONVERSION = YES;
				CLANG_WARN_DEPRECATED_OBJC_IMPLEMENTATIONS = YES;
				CLANG_WARN_DIRECT_OBJC_ISA_USAGE = YES_ERROR;
				CLANG_WARN_DOCUMENTATION_COMMENTS = YES;
				CLANG_WARN_EMPTY_BODY = YES;
				CLANG_WARN_ENUM_CONVERSION = YES;
				CLANG_WARN_INFINITE_RECURSION = YES;
				CLANG_WARN_INT_CONVERSION = YES;
				CLANG_WARN_NON_LITERAL_NULL_CONVERSION = YES;
				CLANG_WARN_OBJC_IMPLICIT_RETAIN_SELF = YES;
				CLANG_WARN_OBJC_LITERAL_CONVERSION = YES;
				CLANG_WARN_OBJC_ROOT_CLASS = YES_ERROR;
				CLANG_WARN_QUOTED_INCLUDE_IN_FRAMEWORK_HEADER = YES;
				CLANG_WARN_RANGE_LOOP_ANALYSIS = YES;
				CLANG_WARN_STRICT_PROTOTYPES = YES;
				CLANG_WARN_SUSPICIOUS_MOVE = YES;
				CLANG_WARN_UNGUARDED_AVAILABILITY = YES_AGGRESSIVE;
				CLANG_WARN_UNREACHABLE_CODE = YES;
				CLANG_WARN__DUPLICATE_METHOD_MATCH = YES;
				COPY_PHASE_STRIP = NO;
				DEBUG_INFORMATION_FORMAT = "dwarf-with-dsym";
				ENABLE_NS_ASSERTIONS = NO;
				ENABLE_STRICT_OBJC_MSGSEND = YES;
				GCC_C_LANGUAGE_STANDARD = gnu11;
				GCC_NO_COMMON_BLOCKS = YES;
				GCC_WARN_64_TO_32_BIT_CONVERSION = YES;
				GCC_WARN_ABOUT_RETURN_TYPE = YES_ERROR;
				GCC_WARN_UNDECLARED_SELECTOR = YES;
				GCC_WARN_UNINITIALIZED_AUTOS = YES_AGGRESSIVE;
				GCC_WARN_UNUSED_FUNCTION = YES;
				GCC_WARN_UNUSED_VARIABLE = YES;
				IPHONEOS_DEPLOYMENT_TARGET = 16.4;
				MTL_ENABLE_DEBUG_INFO = NO;
				MTL_FAST_MATH = YES;
				SDKROOT = iphoneos;
				SWIFT_COMPILATION_MODE = wholemodule;
				SWIFT_OPTIMIZATION_LEVEL = "-O";
				VALIDATE_PRODUCT = YES;
			};
			name = Release;
		};
		8EA26BD429F9064E00B2EC45 /* Debug */ = {
			isa = XCBuildConfiguration;
			buildSettings = {
				ASSETCATALOG_COMPILER_APPICON_NAME = AppIcon;
				ASSETCATALOG_COMPILER_GLOBAL_ACCENT_COLOR_NAME = AccentColor;
				CODE_SIGN_STYLE = Automatic;
				CURRENT_PROJECT_VERSION = 1;
				GENERATE_INFOPLIST_FILE = YES;
				INFOPLIST_FILE = AbsenceElevesProj10/Info.plist;
				INFOPLIST_KEY_UIApplicationSupportsIndirectInputEvents = YES;
				INFOPLIST_KEY_UILaunchStoryboardName = LaunchScreen;
				INFOPLIST_KEY_UIMainStoryboardFile = Main;
				INFOPLIST_KEY_UISupportedInterfaceOrientations_iPad = "UIInterfaceOrientationPortrait UIInterfaceOrientationPortraitUpsideDown UIInterfaceOrientationLandscapeLeft UIInterfaceOrientationLandscapeRight";
				INFOPLIST_KEY_UISupportedInterfaceOrientations_iPhone = "UIInterfaceOrientationPortrait UIInterfaceOrientationLandscapeLeft UIInterfaceOrientationLandscapeRight";
				LD_RUNPATH_SEARCH_PATHS = (
					"$(inherited)",
					"@executable_path/Frameworks",
				);
				MARKETING_VERSION = 1.0;
				PRODUCT_BUNDLE_IDENTIFIER = premierprojet.AbsenceElevesProj10;
				PRODUCT_NAME = "$(TARGET_NAME)";
				SWIFT_EMIT_LOC_STRINGS = YES;
				SWIFT_VERSION = 5.0;
				TARGETED_DEVICE_FAMILY = "1,2";
			};
			name = Debug;
		};
		8EA26BD529F9064E00B2EC45 /* Release */ = {
			isa = XCBuildConfiguration;
			buildSettings = {
				ASSETCATALOG_COMPILER_APPICON_NAME = AppIcon;
				ASSETCATALOG_COMPILER_GLOBAL_ACCENT_COLOR_NAME = AccentColor;
				CODE_SIGN_STYLE = Automatic;
				CURRENT_PROJECT_VERSION = 1;
				GENERATE_INFOPLIST_FILE = YES;
				INFOPLIST_FILE = AbsenceElevesProj10/Info.plist;
				INFOPLIST_KEY_UIApplicationSupportsIndirectInputEvents = YES;
				INFOPLIST_KEY_UILaunchStoryboardName = LaunchScreen;
				INFOPLIST_KEY_UIMainStoryboardFile = Main;
				INFOPLIST_KEY_UISupportedInterfaceOrientations_iPad = "UIInterfaceOrientationPortrait UIInterfaceOrientationPortraitUpsideDown UIInterfaceOrientationLandscapeLeft UIInterfaceOrientationLandscapeRight";
				INFOPLIST_KEY_UISupportedInterfaceOrientations_iPhone = "UIInterfaceOrientationPortrait UIInterfaceOrientationLandscapeLeft UIInterfaceOrientationLandscapeRight";
				LD_RUNPATH_SEARCH_PATHS = (
					"$(inherited)",
					"@executable_path/Frameworks",
				);
				MARKETING_VERSION = 1.0;
				PRODUCT_BUNDLE_IDENTIFIER = premierprojet.AbsenceElevesProj10;
				PRODUCT_NAME = "$(TARGET_NAME)";
				SWIFT_EMIT_LOC_STRINGS = YES;
				SWIFT_VERSION = 5.0;
				TARGETED_DEVICE_FAMILY = "1,2";
			};
			name = Release;
		};
		8EA26BD729F9064E00B2EC45 /* Debug */ = {
			isa = XCBuildConfiguration;
			buildSettings = {
				ALWAYS_EMBED_SWIFT_STANDARD_LIBRARIES = YES;
				BUNDLE_LOADER = "$(TEST_HOST)";
				CODE_SIGN_STYLE = Automatic;
				CURRENT_PROJECT_VERSION = 1;
				GENERATE_INFOPLIST_FILE = YES;
				IPHONEOS_DEPLOYMENT_TARGET = 16.4;
				MARKETING_VERSION = 1.0;
				PRODUCT_BUNDLE_IDENTIFIER = premierprojet.AbsenceElevesProj10Tests;
				PRODUCT_NAME = "$(TARGET_NAME)";
				SWIFT_EMIT_LOC_STRINGS = NO;
				SWIFT_VERSION = 5.0;
				TARGETED_DEVICE_FAMILY = "1,2";
				TEST_HOST = "$(BUILT_PRODUCTS_DIR)/AbsenceElevesProj10.app/$(BUNDLE_EXECUTABLE_FOLDER_PATH)/AbsenceElevesProj10";
			};
			name = Debug;
		};
		8EA26BD829F9064E00B2EC45 /* Release */ = {
			isa = XCBuildConfiguration;
			buildSettings = {
				ALWAYS_EMBED_SWIFT_STANDARD_LIBRARIES = YES;
				BUNDLE_LOADER = "$(TEST_HOST)";
				CODE_SIGN_STYLE = Automatic;
				CURRENT_PROJECT_VERSION = 1;
				GENERATE_INFOPLIST_FILE = YES;
				IPHONEOS_DEPLOYMENT_TARGET = 16.4;
				MARKETING_VERSION = 1.0;
				PRODUCT_BUNDLE_IDENTIFIER = premierprojet.AbsenceElevesProj10Tests;
				PRODUCT_NAME = "$(TARGET_NAME)";
				SWIFT_EMIT_LOC_STRINGS = NO;
				SWIFT_VERSION = 5.0;
				TARGETED_DEVICE_FAMILY = "1,2";
				TEST_HOST = "$(BUILT_PRODUCTS_DIR)/AbsenceElevesProj10.app/$(BUNDLE_EXECUTABLE_FOLDER_PATH)/AbsenceElevesProj10";
			};
			name = Release;
		};
		8EA26BDA29F9064E00B2EC45 /* Debug */ = {
			isa = XCBuildConfiguration;
			buildSettings = {
				ALWAYS_EMBED_SWIFT_STANDARD_LIBRARIES = YES;
				CODE_SIGN_STYLE = Automatic;
				CURRENT_PROJECT_VERSION = 1;
				GENERATE_INFOPLIST_FILE = YES;
				MARKETING_VERSION = 1.0;
				PRODUCT_BUNDLE_IDENTIFIER = premierprojet.AbsenceElevesProj10UITests;
				PRODUCT_NAME = "$(TARGET_NAME)";
				SWIFT_EMIT_LOC_STRINGS = NO;
				SWIFT_VERSION = 5.0;
				TARGETED_DEVICE_FAMILY = "1,2";
				TEST_TARGET_NAME = AbsenceElevesProj10;
			};
			name = Debug;
		};
		8EA26BDB29F9064E00B2EC45 /* Release */ = {
			isa = XCBuildConfiguration;
			buildSettings = {
				ALWAYS_EMBED_SWIFT_STANDARD_LIBRARIES = YES;
				CODE_SIGN_STYLE = Automatic;
				CURRENT_PROJECT_VERSION = 1;
				GENERATE_INFOPLIST_FILE = YES;
				MARKETING_VERSION = 1.0;
				PRODUCT_BUNDLE_IDENTIFIER = premierprojet.AbsenceElevesProj10UITests;
				PRODUCT_NAME = "$(TARGET_NAME)";
				SWIFT_EMIT_LOC_STRINGS = NO;
				SWIFT_VERSION = 5.0;
				TARGETED_DEVICE_FAMILY = "1,2";
				TEST_TARGET_NAME = AbsenceElevesProj10;
			};
			name = Release;
		};
/* End XCBuildConfiguration section */

/* Begin XCConfigurationList section */
		8EA26BA129F9064D00B2EC45 /* Build configuration list for PBXProject "AbsenceElevesProj10" */ = {
			isa = XCConfigurationList;
			buildConfigurations = (
				8EA26BD129F9064E00B2EC45 /* Debug */,
				8EA26BD229F9064E00B2EC45 /* Release */,
			);
			defaultConfigurationIsVisible = 0;
			defaultConfigurationName = Release;
		};
		8EA26BD329F9064E00B2EC45 /* Build configuration list for PBXNativeTarget "AbsenceElevesProj10" */ = {
			isa = XCConfigurationList;
			buildConfigurations = (
				8EA26BD429F9064E00B2EC45 /* Debug */,
				8EA26BD529F9064E00B2EC45 /* Release */,
			);
			defaultConfigurationIsVisible = 0;
			defaultConfigurationName = Release;
		};
		8EA26BD629F9064E00B2EC45 /* Build configuration list for PBXNativeTarget "AbsenceElevesProj10Tests" */ = {
			isa = XCConfigurationList;
			buildConfigurations = (
				8EA26BD729F9064E00B2EC45 /* Debug */,
				8EA26BD829F9064E00B2EC45 /* Release */,
			);
			defaultConfigurationIsVisible = 0;
			defaultConfigurationName = Release;
		};
		8EA26BD929F9064E00B2EC45 /* Build configuration list for PBXNativeTarget "AbsenceElevesProj10UITests" */ = {
			isa = XCConfigurationList;
			buildConfigurations = (
				8EA26BDA29F9064E00B2EC45 /* Debug */,
				8EA26BDB29F9064E00B2EC45 /* Release */,
			);
			defaultConfigurationIsVisible = 0;
			defaultConfigurationName = Release;
		};
/* End XCConfigurationList section */

/* Begin XCVersionGroup section */
		8EA26BB229F9064D00B2EC45 /* AbsenceElevesProj10.xcdatamodeld */ = {
			isa = XCVersionGroup;
			children = (
				8EA26BB329F9064D00B2EC45 /* AbsenceElevesProj10.xcdatamodel */,
			);
			currentVersion = 8EA26BB329F9064D00B2EC45 /* AbsenceElevesProj10.xcdatamodel */;
			path = AbsenceElevesProj10.xcdatamodeld;
			sourceTree = "<group>";
			versionGroupType = wrapper.xcdatamodel;
		};
/* End XCVersionGroup section */
	};
	rootObject = 8EA26B9E29F9064D00B2EC45 /* Project object */;
}
