// !$*UTF8*$!
{
	archiveVersion = 1;
	classes = {
	};
	objectVersion = 56;
	objects = {

/* Begin PBXBuildFile section */
		8E0F3D7F29C05B36007E3FC7 /* AppDelegate.swift in Sources */ = {isa = PBXBuildFile; fileRef = 8E0F3D7E29C05B36007E3FC7 /* AppDelegate.swift */; };
		8E0F3D8129C05B36007E3FC7 /* SceneDelegate.swift in Sources */ = {isa = PBXBuildFile; fileRef = 8E0F3D8029C05B36007E3FC7 /* SceneDelegate.swift */; };
		8E0F3D8329C05B36007E3FC7 /* ViewController.swift in Sources */ = {isa = PBXBuildFile; fileRef = 8E0F3D8229C05B36007E3FC7 /* ViewController.swift */; };
		8E0F3D8629C05B36007E3FC7 /* Main.storyboard in Resources */ = {isa = PBXBuildFile; fileRef = 8E0F3D8429C05B36007E3FC7 /* Main.storyboard */; };
		8E0F3D8829C05B37007E3FC7 /* Assets.xcassets in Resources */ = {isa = PBXBuildFile; fileRef = 8E0F3D8729C05B37007E3FC7 /* Assets.xcassets */; };
		8E0F3D8B29C05B37007E3FC7 /* LaunchScreen.storyboard in Resources */ = {isa = PBXBuildFile; fileRef = 8E0F3D8929C05B37007E3FC7 /* LaunchScreen.storyboard */; };
		8E0F3D9629C05B37007E3FC7 /* projet_2_taux_alcoolTests.swift in Sources */ = {isa = PBXBuildFile; fileRef = 8E0F3D9529C05B37007E3FC7 /* projet_2_taux_alcoolTests.swift */; };
		8E0F3DA029C05B37007E3FC7 /* projet_2_taux_alcoolUITests.swift in Sources */ = {isa = PBXBuildFile; fileRef = 8E0F3D9F29C05B37007E3FC7 /* projet_2_taux_alcoolUITests.swift */; };
		8E0F3DA229C05B37007E3FC7 /* projet_2_taux_alcoolUITestsLaunchTests.swift in Sources */ = {isa = PBXBuildFile; fileRef = 8E0F3DA129C05B37007E3FC7 /* projet_2_taux_alcoolUITestsLaunchTests.swift */; };
/* End PBXBuildFile section */

/* Begin PBXContainerItemProxy section */
		8E0F3D9229C05B37007E3FC7 /* PBXContainerItemProxy */ = {
			isa = PBXContainerItemProxy;
			containerPortal = 8E0F3D7329C05B36007E3FC7 /* Project object */;
			proxyType = 1;
			remoteGlobalIDString = 8E0F3D7A29C05B36007E3FC7;
			remoteInfo = "projet 2 taux_alcool";
		};
		8E0F3D9C29C05B37007E3FC7 /* PBXContainerItemProxy */ = {
			isa = PBXContainerItemProxy;
			containerPortal = 8E0F3D7329C05B36007E3FC7 /* Project object */;
			proxyType = 1;
			remoteGlobalIDString = 8E0F3D7A29C05B36007E3FC7;
			remoteInfo = "projet 2 taux_alcool";
		};
/* End PBXContainerItemProxy section */

/* Begin PBXFileReference section */
		8E0F3D7B29C05B36007E3FC7 /* projet 2 taux_alcool.app */ = {isa = PBXFileReference; explicitFileType = wrapper.application; includeInIndex = 0; path = "projet 2 taux_alcool.app"; sourceTree = BUILT_PRODUCTS_DIR; };
		8E0F3D7E29C05B36007E3FC7 /* AppDelegate.swift */ = {isa = PBXFileReference; lastKnownFileType = sourcecode.swift; path = AppDelegate.swift; sourceTree = "<group>"; };
		8E0F3D8029C05B36007E3FC7 /* SceneDelegate.swift */ = {isa = PBXFileReference; lastKnownFileType = sourcecode.swift; path = SceneDelegate.swift; sourceTree = "<group>"; };
		8E0F3D8229C05B36007E3FC7 /* ViewController.swift */ = {isa = PBXFileReference; lastKnownFileType = sourcecode.swift; path = ViewController.swift; sourceTree = "<group>"; };
		8E0F3D8529C05B36007E3FC7 /* Base */ = {isa = PBXFileReference; lastKnownFileType = file.storyboard; name = Base; path = Base.lproj/Main.storyboard; sourceTree = "<group>"; };
		8E0F3D8729C05B37007E3FC7 /* Assets.xcassets */ = {isa = PBXFileReference; lastKnownFileType = folder.assetcatalog; path = Assets.xcassets; sourceTree = "<group>"; };
		8E0F3D8A29C05B37007E3FC7 /* Base */ = {isa = PBXFileReference; lastKnownFileType = file.storyboard; name = Base; path = Base.lproj/LaunchScreen.storyboard; sourceTree = "<group>"; };
		8E0F3D8C29C05B37007E3FC7 /* Info.plist */ = {isa = PBXFileReference; lastKnownFileType = text.plist.xml; path = Info.plist; sourceTree = "<group>"; };
		8E0F3D9129C05B37007E3FC7 /* projet 2 taux_alcoolTests.xctest */ = {isa = PBXFileReference; explicitFileType = wrapper.cfbundle; includeInIndex = 0; path = "projet 2 taux_alcoolTests.xctest"; sourceTree = BUILT_PRODUCTS_DIR; };
		8E0F3D9529C05B37007E3FC7 /* projet_2_taux_alcoolTests.swift */ = {isa = PBXFileReference; lastKnownFileType = sourcecode.swift; path = projet_2_taux_alcoolTests.swift; sourceTree = "<group>"; };
		8E0F3D9B29C05B37007E3FC7 /* projet 2 taux_alcoolUITests.xctest */ = {isa = PBXFileReference; explicitFileType = wrapper.cfbundle; includeInIndex = 0; path = "projet 2 taux_alcoolUITests.xctest"; sourceTree = BUILT_PRODUCTS_DIR; };
		8E0F3D9F29C05B37007E3FC7 /* projet_2_taux_alcoolUITests.swift */ = {isa = PBXFileReference; lastKnownFileType = sourcecode.swift; path = projet_2_taux_alcoolUITests.swift; sourceTree = "<group>"; };
		8E0F3DA129C05B37007E3FC7 /* projet_2_taux_alcoolUITestsLaunchTests.swift */ = {isa = PBXFileReference; lastKnownFileType = sourcecode.swift; path = projet_2_taux_alcoolUITestsLaunchTests.swift; sourceTree = "<group>"; };
/* End PBXFileReference section */

/* Begin PBXFrameworksBuildPhase section */
		8E0F3D7829C05B36007E3FC7 /* Frameworks */ = {
			isa = PBXFrameworksBuildPhase;
			buildActionMask = 2147483647;
			files = (
			);
			runOnlyForDeploymentPostprocessing = 0;
		};
		8E0F3D8E29C05B37007E3FC7 /* Frameworks */ = {
			isa = PBXFrameworksBuildPhase;
			buildActionMask = 2147483647;
			files = (
			);
			runOnlyForDeploymentPostprocessing = 0;
		};
		8E0F3D9829C05B37007E3FC7 /* Frameworks */ = {
			isa = PBXFrameworksBuildPhase;
			buildActionMask = 2147483647;
			files = (
			);
			runOnlyForDeploymentPostprocessing = 0;
		};
/* End PBXFrameworksBuildPhase section */

/* Begin PBXGroup section */
		8E0F3D7229C05B36007E3FC7 = {
			isa = PBXGroup;
			children = (
				8E0F3D7D29C05B36007E3FC7 /* projet 2 taux_alcool */,
				8E0F3D9429C05B37007E3FC7 /* projet 2 taux_alcoolTests */,
				8E0F3D9E29C05B37007E3FC7 /* projet 2 taux_alcoolUITests */,
				8E0F3D7C29C05B36007E3FC7 /* Products */,
			);
			sourceTree = "<group>";
		};
		8E0F3D7C29C05B36007E3FC7 /* Products */ = {
			isa = PBXGroup;
			children = (
				8E0F3D7B29C05B36007E3FC7 /* projet 2 taux_alcool.app */,
				8E0F3D9129C05B37007E3FC7 /* projet 2 taux_alcoolTests.xctest */,
				8E0F3D9B29C05B37007E3FC7 /* projet 2 taux_alcoolUITests.xctest */,
			);
			name = Products;
			sourceTree = "<group>";
		};
		8E0F3D7D29C05B36007E3FC7 /* projet 2 taux_alcool */ = {
			isa = PBXGroup;
			children = (
				8E0F3D7E29C05B36007E3FC7 /* AppDelegate.swift */,
				8E0F3D8029C05B36007E3FC7 /* SceneDelegate.swift */,
				8E0F3D8229C05B36007E3FC7 /* ViewController.swift */,
				8E0F3D8429C05B36007E3FC7 /* Main.storyboard */,
				8E0F3D8729C05B37007E3FC7 /* Assets.xcassets */,
				8E0F3D8929C05B37007E3FC7 /* LaunchScreen.storyboard */,
				8E0F3D8C29C05B37007E3FC7 /* Info.plist */,
			);
			path = "projet 2 taux_alcool";
			sourceTree = "<group>";
		};
		8E0F3D9429C05B37007E3FC7 /* projet 2 taux_alcoolTests */ = {
			isa = PBXGroup;
			children = (
				8E0F3D9529C05B37007E3FC7 /* projet_2_taux_alcoolTests.swift */,
			);
			path = "projet 2 taux_alcoolTests";
			sourceTree = "<group>";
		};
		8E0F3D9E29C05B37007E3FC7 /* projet 2 taux_alcoolUITests */ = {
			isa = PBXGroup;
			children = (
				8E0F3D9F29C05B37007E3FC7 /* projet_2_taux_alcoolUITests.swift */,
				8E0F3DA129C05B37007E3FC7 /* projet_2_taux_alcoolUITestsLaunchTests.swift */,
			);
			path = "projet 2 taux_alcoolUITests";
			sourceTree = "<group>";
		};
/* End PBXGroup section */

/* Begin PBXNativeTarget section */
		8E0F3D7A29C05B36007E3FC7 /* projet 2 taux_alcool */ = {
			isa = PBXNativeTarget;
			buildConfigurationList = 8E0F3DA529C05B37007E3FC7 /* Build configuration list for PBXNativeTarget "projet 2 taux_alcool" */;
			buildPhases = (
				8E0F3D7729C05B36007E3FC7 /* Sources */,
				8E0F3D7829C05B36007E3FC7 /* Frameworks */,
				8E0F3D7929C05B36007E3FC7 /* Resources */,
			);
			buildRules = (
			);
			dependencies = (
			);
			name = "projet 2 taux_alcool";
			productName = "projet 2 taux_alcool";
			productReference = 8E0F3D7B29C05B36007E3FC7 /* projet 2 taux_alcool.app */;
			productType = "com.apple.product-type.application";
		};
		8E0F3D9029C05B37007E3FC7 /* projet 2 taux_alcoolTests */ = {
			isa = PBXNativeTarget;
			buildConfigurationList = 8E0F3DA829C05B37007E3FC7 /* Build configuration list for PBXNativeTarget "projet 2 taux_alcoolTests" */;
			buildPhases = (
				8E0F3D8D29C05B37007E3FC7 /* Sources */,
				8E0F3D8E29C05B37007E3FC7 /* Frameworks */,
				8E0F3D8F29C05B37007E3FC7 /* Resources */,
			);
			buildRules = (
			);
			dependencies = (
				8E0F3D9329C05B37007E3FC7 /* PBXTargetDependency */,
			);
			name = "projet 2 taux_alcoolTests";
			productName = "projet 2 taux_alcoolTests";
			productReference = 8E0F3D9129C05B37007E3FC7 /* projet 2 taux_alcoolTests.xctest */;
			productType = "com.apple.product-type.bundle.unit-test";
		};
		8E0F3D9A29C05B37007E3FC7 /* projet 2 taux_alcoolUITests */ = {
			isa = PBXNativeTarget;
			buildConfigurationList = 8E0F3DAB29C05B37007E3FC7 /* Build configuration list for PBXNativeTarget "projet 2 taux_alcoolUITests" */;
			buildPhases = (
				8E0F3D9729C05B37007E3FC7 /* Sources */,
				8E0F3D9829C05B37007E3FC7 /* Frameworks */,
				8E0F3D9929C05B37007E3FC7 /* Resources */,
			);
			buildRules = (
			);
			dependencies = (
				8E0F3D9D29C05B37007E3FC7 /* PBXTargetDependency */,
			);
			name = "projet 2 taux_alcoolUITests";
			productName = "projet 2 taux_alcoolUITests";
			productReference = 8E0F3D9B29C05B37007E3FC7 /* projet 2 taux_alcoolUITests.xctest */;
			productType = "com.apple.product-type.bundle.ui-testing";
		};
/* End PBXNativeTarget section */

/* Begin PBXProject section */
		8E0F3D7329C05B36007E3FC7 /* Project object */ = {
			isa = PBXProject;
			attributes = {
				BuildIndependentTargetsInParallel = 1;
				LastSwiftUpdateCheck = 1420;
				LastUpgradeCheck = 1420;
				TargetAttributes = {
					8E0F3D7A29C05B36007E3FC7 = {
						CreatedOnToolsVersion = 14.2;
					};
					8E0F3D9029C05B37007E3FC7 = {
						CreatedOnToolsVersion = 14.2;
						TestTargetID = 8E0F3D7A29C05B36007E3FC7;
					};
					8E0F3D9A29C05B37007E3FC7 = {
						CreatedOnToolsVersion = 14.2;
						TestTargetID = 8E0F3D7A29C05B36007E3FC7;
					};
				};
			};
			buildConfigurationList = 8E0F3D7629C05B36007E3FC7 /* Build configuration list for PBXProject "projet 2 taux_alcool" */;
			compatibilityVersion = "Xcode 14.0";
			developmentRegion = en;
			hasScannedForEncodings = 0;
			knownRegions = (
				en,
				Base,
			);
			mainGroup = 8E0F3D7229C05B36007E3FC7;
			productRefGroup = 8E0F3D7C29C05B36007E3FC7 /* Products */;
			projectDirPath = "";
			projectRoot = "";
			targets = (
				8E0F3D7A29C05B36007E3FC7 /* projet 2 taux_alcool */,
				8E0F3D9029C05B37007E3FC7 /* projet 2 taux_alcoolTests */,
				8E0F3D9A29C05B37007E3FC7 /* projet 2 taux_alcoolUITests */,
			);
		};
/* End PBXProject section */

/* Begin PBXResourcesBuildPhase section */
		8E0F3D7929C05B36007E3FC7 /* Resources */ = {
			isa = PBXResourcesBuildPhase;
			buildActionMask = 2147483647;
			files = (
				8E0F3D8B29C05B37007E3FC7 /* LaunchScreen.storyboard in Resources */,
				8E0F3D8829C05B37007E3FC7 /* Assets.xcassets in Resources */,
				8E0F3D8629C05B36007E3FC7 /* Main.storyboard in Resources */,
			);
			runOnlyForDeploymentPostprocessing = 0;
		};
		8E0F3D8F29C05B37007E3FC7 /* Resources */ = {
			isa = PBXResourcesBuildPhase;
			buildActionMask = 2147483647;
			files = (
			);
			runOnlyForDeploymentPostprocessing = 0;
		};
		8E0F3D9929C05B37007E3FC7 /* Resources */ = {
			isa = PBXResourcesBuildPhase;
			buildActionMask = 2147483647;
			files = (
			);
			runOnlyForDeploymentPostprocessing = 0;
		};
/* End PBXResourcesBuildPhase section */

/* Begin PBXSourcesBuildPhase section */
		8E0F3D7729C05B36007E3FC7 /* Sources */ = {
			isa = PBXSourcesBuildPhase;
			buildActionMask = 2147483647;
			files = (
				8E0F3D8329C05B36007E3FC7 /* ViewController.swift in Sources */,
				8E0F3D7F29C05B36007E3FC7 /* AppDelegate.swift in Sources */,
				8E0F3D8129C05B36007E3FC7 /* SceneDelegate.swift in Sources */,
			);
			runOnlyForDeploymentPostprocessing = 0;
		};
		8E0F3D8D29C05B37007E3FC7 /* Sources */ = {
			isa = PBXSourcesBuildPhase;
			buildActionMask = 2147483647;
			files = (
				8E0F3D9629C05B37007E3FC7 /* projet_2_taux_alcoolTests.swift in Sources */,
			);
			runOnlyForDeploymentPostprocessing = 0;
		};
		8E0F3D9729C05B37007E3FC7 /* Sources */ = {
			isa = PBXSourcesBuildPhase;
			buildActionMask = 2147483647;
			files = (
				8E0F3DA029C05B37007E3FC7 /* projet_2_taux_alcoolUITests.swift in Sources */,
				8E0F3DA229C05B37007E3FC7 /* projet_2_taux_alcoolUITestsLaunchTests.swift in Sources */,
			);
			runOnlyForDeploymentPostprocessing = 0;
		};
/* End PBXSourcesBuildPhase section */

/* Begin PBXTargetDependency section */
		8E0F3D9329C05B37007E3FC7 /* PBXTargetDependency */ = {
			isa = PBXTargetDependency;
			target = 8E0F3D7A29C05B36007E3FC7 /* projet 2 taux_alcool */;
			targetProxy = 8E0F3D9229C05B37007E3FC7 /* PBXContainerItemProxy */;
		};
		8E0F3D9D29C05B37007E3FC7 /* PBXTargetDependency */ = {
			isa = PBXTargetDependency;
			target = 8E0F3D7A29C05B36007E3FC7 /* projet 2 taux_alcool */;
			targetProxy = 8E0F3D9C29C05B37007E3FC7 /* PBXContainerItemProxy */;
		};
/* End PBXTargetDependency section */

/* Begin PBXVariantGroup section */
		8E0F3D8429C05B36007E3FC7 /* Main.storyboard */ = {
			isa = PBXVariantGroup;
			children = (
				8E0F3D8529C05B36007E3FC7 /* Base */,
			);
			name = Main.storyboard;
			sourceTree = "<group>";
		};
		8E0F3D8929C05B37007E3FC7 /* LaunchScreen.storyboard */ = {
			isa = PBXVariantGroup;
			children = (
				8E0F3D8A29C05B37007E3FC7 /* Base */,
			);
			name = LaunchScreen.storyboard;
			sourceTree = "<group>";
		};
/* End PBXVariantGroup section */

/* Begin XCBuildConfiguration section */
		8E0F3DA329C05B37007E3FC7 /* Debug */ = {
			isa = XCBuildConfiguration;
			buildSettings = {
				ALWAYS_SEARCH_USER_PATHS = NO;
				CLANG_ANALYZER_NONNULL = YES;
				CLANG_ANALYZER_NUMBER_OBJECT_CONVERSION = YES_AGGRESSIVE;
				CLANG_CXX_LANGUAGE_STANDARD = "gnu++20";
				CLANG_ENABLE_MODULES = YES;
				CLANG_ENABLE_OBJC_ARC = YES;
				CLANG_ENABLE_OBJC_WEAK = YES;
				CLANG_WARN_BLOCK_CAPTURE_AUTORELEASING = YES;
				CLANG_WARN_BOOL_CONVERSION = YES;
				CLANG_WARN_COMMA = YES;
				CLANG_WARN_CONSTANT_CONVERSION = YES;
				CLANG_WARN_DEPRECATED_OBJC_IMPLEMENTATIONS = YES;
				CLANG_WARN_DIRECT_OBJC_ISA_USAGE = YES_ERROR;
				CLANG_WARN_DOCUMENTATION_COMMENTS = YES;
				CLANG_WARN_EMPTY_BODY = YES;
				CLANG_WARN_ENUM_CONVERSION = YES;
				CLANG_WARN_INFINITE_RECURSION = YES;
				CLANG_WARN_INT_CONVERSION = YES;
				CLANG_WARN_NON_LITERAL_NULL_CONVERSION = YES;
				CLANG_WARN_OBJC_IMPLICIT_RETAIN_SELF = YES;
				CLANG_WARN_OBJC_LITERAL_CONVERSION = YES;
				CLANG_WARN_OBJC_ROOT_CLASS = YES_ERROR;
				CLANG_WARN_QUOTED_INCLUDE_IN_FRAMEWORK_HEADER = YES;
				CLANG_WARN_RANGE_LOOP_ANALYSIS = YES;
				CLANG_WARN_STRICT_PROTOTYPES = YES;
				CLANG_WARN_SUSPICIOUS_MOVE = YES;
				CLANG_WARN_UNGUARDED_AVAILABILITY = YES_AGGRESSIVE;
				CLANG_WARN_UNREACHABLE_CODE = YES;
				CLANG_WARN__DUPLICATE_METHOD_MATCH = YES;
				COPY_PHASE_STRIP = NO;
				DEBUG_INFORMATION_FORMAT = dwarf;
				ENABLE_STRICT_OBJC_MSGSEND = YES;
				ENABLE_TESTABILITY = YES;
				GCC_C_LANGUAGE_STANDARD = gnu11;
				GCC_DYNAMIC_NO_PIC = NO;
				GCC_NO_COMMON_BLOCKS = YES;
				GCC_OPTIMIZATION_LEVEL = 0;
				GCC_PREPROCESSOR_DEFINITIONS = (
					"DEBUG=1",
					"$(inherited)",
				);
				GCC_WARN_64_TO_32_BIT_CONVERSION = YES;
				GCC_WARN_ABOUT_RETURN_TYPE = YES_ERROR;
				GCC_WARN_UNDECLARED_SELECTOR = YES;
				GCC_WARN_UNINITIALIZED_AUTOS = YES_AGGRESSIVE;
				GCC_WARN_UNUSED_FUNCTION = YES;
				GCC_WARN_UNUSED_VARIABLE = YES;
				IPHONEOS_DEPLOYMENT_TARGET = 16.2;
				MTL_ENABLE_DEBUG_INFO = INCLUDE_SOURCE;
				MTL_FAST_MATH = YES;
				ONLY_ACTIVE_ARCH = YES;
				SDKROOT = iphoneos;
				SWIFT_ACTIVE_COMPILATION_CONDITIONS = DEBUG;
				SWIFT_OPTIMIZATION_LEVEL = "-Onone";
			};
			name = Debug;
		};
		8E0F3DA429C05B37007E3FC7 /* Release */ = {
			isa = XCBuildConfiguration;
			buildSettings = {
				ALWAYS_SEARCH_USER_PATHS = NO;
				CLANG_ANALYZER_NONNULL = YES;
				CLANG_ANALYZER_NUMBER_OBJECT_CONVERSION = YES_AGGRESSIVE;
				CLANG_CXX_LANGUAGE_STANDARD = "gnu++20";
				CLANG_ENABLE_MODULES = YES;
				CLANG_ENABLE_OBJC_ARC = YES;
				CLANG_ENABLE_OBJC_WEAK = YES;
				CLANG_WARN_BLOCK_CAPTURE_AUTORELEASING = YES;
				CLANG_WARN_BOOL_CONVERSION = YES;
				CLANG_WARN_COMMA = YES;
				CLANG_WARN_CONSTANT_CONVERSION = YES;
				CLANG_WARN_DEPRECATED_OBJC_IMPLEMENTATIONS = YES;
				CLANG_WARN_DIRECT_OBJC_ISA_USAGE = YES_ERROR;
				CLANG_WARN_DOCUMENTATION_COMMENTS = YES;
				CLANG_WARN_EMPTY_BODY = YES;
				CLANG_WARN_ENUM_CONVERSION = YES;
				CLANG_WARN_INFINITE_RECURSION = YES;
				CLANG_WARN_INT_CONVERSION = YES;
				CLANG_WARN_NON_LITERAL_NULL_CONVERSION = YES;
				CLANG_WARN_OBJC_IMPLICIT_RETAIN_SELF = YES;
				CLANG_WARN_OBJC_LITERAL_CONVERSION = YES;
				CLANG_WARN_OBJC_ROOT_CLASS = YES_ERROR;
				CLANG_WARN_QUOTED_INCLUDE_IN_FRAMEWORK_HEADER = YES;
				CLANG_WARN_RANGE_LOOP_ANALYSIS = YES;
				CLANG_WARN_STRICT_PROTOTYPES = YES;
				CLANG_WARN_SUSPICIOUS_MOVE = YES;
				CLANG_WARN_UNGUARDED_AVAILABILITY = YES_AGGRESSIVE;
				CLANG_WARN_UNREACHABLE_CODE = YES;
				CLANG_WARN__DUPLICATE_METHOD_MATCH = YES;
				COPY_PHASE_STRIP = NO;
				DEBUG_INFORMATION_FORMAT = "dwarf-with-dsym";
				ENABLE_NS_ASSERTIONS = NO;
				ENABLE_STRICT_OBJC_MSGSEND = YES;
				GCC_C_LANGUAGE_STANDARD = gnu11;
				GCC_NO_COMMON_BLOCKS = YES;
				GCC_WARN_64_TO_32_BIT_CONVERSION = YES;
				GCC_WARN_ABOUT_RETURN_TYPE = YES_ERROR;
				GCC_WARN_UNDECLARED_SELECTOR = YES;
				GCC_WARN_UNINITIALIZED_AUTOS = YES_AGGRESSIVE;
				GCC_WARN_UNUSED_FUNCTION = YES;
				GCC_WARN_UNUSED_VARIABLE = YES;
				IPHONEOS_DEPLOYMENT_TARGET = 16.2;
				MTL_ENABLE_DEBUG_INFO = NO;
				MTL_FAST_MATH = YES;
				SDKROOT = iphoneos;
				SWIFT_COMPILATION_MODE = wholemodule;
				SWIFT_OPTIMIZATION_LEVEL = "-O";
				VALIDATE_PRODUCT = YES;
			};
			name = Release;
		};
		8E0F3DA629C05B37007E3FC7 /* Debug */ = {
			isa = XCBuildConfiguration;
			buildSettings = {
				ASSETCATALOG_COMPILER_APPICON_NAME = AppIcon;
				ASSETCATALOG_COMPILER_GLOBAL_ACCENT_COLOR_NAME = AccentColor;
				CODE_SIGN_STYLE = Automatic;
				CURRENT_PROJECT_VERSION = 1;
				GENERATE_INFOPLIST_FILE = YES;
				INFOPLIST_FILE = "projet 2 taux_alcool/Info.plist";
				INFOPLIST_KEY_UIApplicationSupportsIndirectInputEvents = YES;
				INFOPLIST_KEY_UILaunchStoryboardName = LaunchScreen;
				INFOPLIST_KEY_UIMainStoryboardFile = Main;
				INFOPLIST_KEY_UISupportedInterfaceOrientations_iPad = "UIInterfaceOrientationPortrait UIInterfaceOrientationPortraitUpsideDown UIInterfaceOrientationLandscapeLeft UIInterfaceOrientationLandscapeRight";
				INFOPLIST_KEY_UISupportedInterfaceOrientations_iPhone = "UIInterfaceOrientationPortrait UIInterfaceOrientationLandscapeLeft UIInterfaceOrientationLandscapeRight";
				LD_RUNPATH_SEARCH_PATHS = (
					"$(inherited)",
					"@executable_path/Frameworks",
				);
				MARKETING_VERSION = 1.0;
				PRODUCT_BUNDLE_IDENTIFIER = "premierprojet.projet-2-taux-alcool";
				PRODUCT_NAME = "$(TARGET_NAME)";
				SWIFT_EMIT_LOC_STRINGS = YES;
				SWIFT_VERSION = 5.0;
				TARGETED_DEVICE_FAMILY = "1,2";
			};
			name = Debug;
		};
		8E0F3DA729C05B37007E3FC7 /* Release */ = {
			isa = XCBuildConfiguration;
			buildSettings = {
				ASSETCATALOG_COMPILER_APPICON_NAME = AppIcon;
				ASSETCATALOG_COMPILER_GLOBAL_ACCENT_COLOR_NAME = AccentColor;
				CODE_SIGN_STYLE = Automatic;
				CURRENT_PROJECT_VERSION = 1;
				GENERATE_INFOPLIST_FILE = YES;
				INFOPLIST_FILE = "projet 2 taux_alcool/Info.plist";
				INFOPLIST_KEY_UIApplicationSupportsIndirectInputEvents = YES;
				INFOPLIST_KEY_UILaunchStoryboardName = LaunchScreen;
				INFOPLIST_KEY_UIMainStoryboardFile = Main;
				INFOPLIST_KEY_UISupportedInterfaceOrientations_iPad = "UIInterfaceOrientationPortrait UIInterfaceOrientationPortraitUpsideDown UIInterfaceOrientationLandscapeLeft UIInterfaceOrientationLandscapeRight";
				INFOPLIST_KEY_UISupportedInterfaceOrientations_iPhone = "UIInterfaceOrientationPortrait UIInterfaceOrientationLandscapeLeft UIInterfaceOrientationLandscapeRight";
				LD_RUNPATH_SEARCH_PATHS = (
					"$(inherited)",
					"@executable_path/Frameworks",
				);
				MARKETING_VERSION = 1.0;
				PRODUCT_BUNDLE_IDENTIFIER = "premierprojet.projet-2-taux-alcool";
				PRODUCT_NAME = "$(TARGET_NAME)";
				SWIFT_EMIT_LOC_STRINGS = YES;
				SWIFT_VERSION = 5.0;
				TARGETED_DEVICE_FAMILY = "1,2";
			};
			name = Release;
		};
		8E0F3DA929C05B37007E3FC7 /* Debug */ = {
			isa = XCBuildConfiguration;
			buildSettings = {
				ALWAYS_EMBED_SWIFT_STANDARD_LIBRARIES = YES;
				BUNDLE_LOADER = "$(TEST_HOST)";
				CODE_SIGN_STYLE = Automatic;
				CURRENT_PROJECT_VERSION = 1;
				GENERATE_INFOPLIST_FILE = YES;
				IPHONEOS_DEPLOYMENT_TARGET = 16.2;
				MARKETING_VERSION = 1.0;
				PRODUCT_BUNDLE_IDENTIFIER = "premierprojet.projet-2-taux-alcoolTests";
				PRODUCT_NAME = "$(TARGET_NAME)";
				SWIFT_EMIT_LOC_STRINGS = NO;
				SWIFT_VERSION = 5.0;
				TARGETED_DEVICE_FAMILY = "1,2";
				TEST_HOST = "$(BUILT_PRODUCTS_DIR)/projet 2 taux_alcool.app/$(BUNDLE_EXECUTABLE_FOLDER_PATH)/projet 2 taux_alcool";
			};
			name = Debug;
		};
		8E0F3DAA29C05B37007E3FC7 /* Release */ = {
			isa = XCBuildConfiguration;
			buildSettings = {
				ALWAYS_EMBED_SWIFT_STANDARD_LIBRARIES = YES;
				BUNDLE_LOADER = "$(TEST_HOST)";
				CODE_SIGN_STYLE = Automatic;
				CURRENT_PROJECT_VERSION = 1;
				GENERATE_INFOPLIST_FILE = YES;
				IPHONEOS_DEPLOYMENT_TARGET = 16.2;
				MARKETING_VERSION = 1.0;
				PRODUCT_BUNDLE_IDENTIFIER = "premierprojet.projet-2-taux-alcoolTests";
				PRODUCT_NAME = "$(TARGET_NAME)";
				SWIFT_EMIT_LOC_STRINGS = NO;
				SWIFT_VERSION = 5.0;
				TARGETED_DEVICE_FAMILY = "1,2";
				TEST_HOST = "$(BUILT_PRODUCTS_DIR)/projet 2 taux_alcool.app/$(BUNDLE_EXECUTABLE_FOLDER_PATH)/projet 2 taux_alcool";
			};
			name = Release;
		};
		8E0F3DAC29C05B37007E3FC7 /* Debug */ = {
			isa = XCBuildConfiguration;
			buildSettings = {
				ALWAYS_EMBED_SWIFT_STANDARD_LIBRARIES = YES;
				CODE_SIGN_STYLE = Automatic;
				CURRENT_PROJECT_VERSION = 1;
				GENERATE_INFOPLIST_FILE = YES;
				MARKETING_VERSION = 1.0;
				PRODUCT_BUNDLE_IDENTIFIER = "premierprojet.projet-2-taux-alcoolUITests";
				PRODUCT_NAME = "$(TARGET_NAME)";
				SWIFT_EMIT_LOC_STRINGS = NO;
				SWIFT_VERSION = 5.0;
				TARGETED_DEVICE_FAMILY = "1,2";
				TEST_TARGET_NAME = "projet 2 taux_alcool";
			};
			name = Debug;
		};
		8E0F3DAD29C05B37007E3FC7 /* Release */ = {
			isa = XCBuildConfiguration;
			buildSettings = {
				ALWAYS_EMBED_SWIFT_STANDARD_LIBRARIES = YES;
				CODE_SIGN_STYLE = Automatic;
				CURRENT_PROJECT_VERSION = 1;
				GENERATE_INFOPLIST_FILE = YES;
				MARKETING_VERSION = 1.0;
				PRODUCT_BUNDLE_IDENTIFIER = "premierprojet.projet-2-taux-alcoolUITests";
				PRODUCT_NAME = "$(TARGET_NAME)";
				SWIFT_EMIT_LOC_STRINGS = NO;
				SWIFT_VERSION = 5.0;
				TARGETED_DEVICE_FAMILY = "1,2";
				TEST_TARGET_NAME = "projet 2 taux_alcool";
			};
			name = Release;
		};
/* End XCBuildConfiguration section */

/* Begin XCConfigurationList section */
		8E0F3D7629C05B36007E3FC7 /* Build configuration list for PBXProject "projet 2 taux_alcool" */ = {
			isa = XCConfigurationList;
			buildConfigurations = (
				8E0F3DA329C05B37007E3FC7 /* Debug */,
				8E0F3DA429C05B37007E3FC7 /* Release */,
			);
			defaultConfigurationIsVisible = 0;
			defaultConfigurationName = Release;
		};
		8E0F3DA529C05B37007E3FC7 /* Build configuration list for PBXNativeTarget "projet 2 taux_alcool" */ = {
			isa = XCConfigurationList;
			buildConfigurations = (
				8E0F3DA629C05B37007E3FC7 /* Debug */,
				8E0F3DA729C05B37007E3FC7 /* Release */,
			);
			defaultConfigurationIsVisible = 0;
			defaultConfigurationName = Release;
		};
		8E0F3DA829C05B37007E3FC7 /* Build configuration list for PBXNativeTarget "projet 2 taux_alcoolTests" */ = {
			isa = XCConfigurationList;
			buildConfigurations = (
				8E0F3DA929C05B37007E3FC7 /* Debug */,
				8E0F3DAA29C05B37007E3FC7 /* Release */,
			);
			defaultConfigurationIsVisible = 0;
			defaultConfigurationName = Release;
		};
		8E0F3DAB29C05B37007E3FC7 /* Build configuration list for PBXNativeTarget "projet 2 taux_alcoolUITests" */ = {
			isa = XCConfigurationList;
			buildConfigurations = (
				8E0F3DAC29C05B37007E3FC7 /* Debug */,
				8E0F3DAD29C05B37007E3FC7 /* Release */,
			);
			defaultConfigurationIsVisible = 0;
			defaultConfigurationName = Release;
		};
/* End XCConfigurationList section */
	};
	rootObject = 8E0F3D7329C05B36007E3FC7 /* Project object */;
}
