// !$*UTF8*$!
{
	archiveVersion = 1;
	classes = {
	};
	objectVersion = 56;
	objects = {

/* Begin PBXBuildFile section */
		8EC71CEC29D32938003ADA44 /* AppDelegate.swift in Sources */ = {isa = PBXBuildFile; fileRef = 8EC71CEB29D32938003ADA44 /* AppDelegate.swift */; };
		8EC71CEE29D32938003ADA44 /* SceneDelegate.swift in Sources */ = {isa = PBXBuildFile; fileRef = 8EC71CED29D32938003ADA44 /* SceneDelegate.swift */; };
		8EC71CF329D32938003ADA44 /* Main.storyboard in Resources */ = {isa = PBXBuildFile; fileRef = 8EC71CF129D32938003ADA44 /* Main.storyboard */; };
		8EC71CF529D32939003ADA44 /* Assets.xcassets in Resources */ = {isa = PBXBuildFile; fileRef = 8EC71CF429D32939003ADA44 /* Assets.xcassets */; };
		8EC71CF829D32939003ADA44 /* LaunchScreen.storyboard in Resources */ = {isa = PBXBuildFile; fileRef = 8EC71CF629D32939003ADA44 /* LaunchScreen.storyboard */; };
		8EC71D0329D32939003ADA44 /* TD4_fichier_JSONTests.swift in Sources */ = {isa = PBXBuildFile; fileRef = 8EC71D0229D32939003ADA44 /* TD4_fichier_JSONTests.swift */; };
		8EC71D0D29D32939003ADA44 /* TD4_fichier_JSONUITests.swift in Sources */ = {isa = PBXBuildFile; fileRef = 8EC71D0C29D32939003ADA44 /* TD4_fichier_JSONUITests.swift */; };
		8EC71D0F29D32939003ADA44 /* TD4_fichier_JSONUITestsLaunchTests.swift in Sources */ = {isa = PBXBuildFile; fileRef = 8EC71D0E29D32939003ADA44 /* TD4_fichier_JSONUITestsLaunchTests.swift */; };
		8EC71D1C29D32A9F003ADA44 /* Agenda_Enrichie_Controller.swift in Sources */ = {isa = PBXBuildFile; fileRef = 8EC71D1B29D32A9F003ADA44 /* Agenda_Enrichie_Controller.swift */; };
		8EC71D1E29D32F23003ADA44 /* Ajouter_Evenement_VC.swift in Sources */ = {isa = PBXBuildFile; fileRef = 8EC71D1D29D32F23003ADA44 /* Ajouter_Evenement_VC.swift */; };
		8EC71D2229D339DE003ADA44 /* Les_Evenements.swift in Sources */ = {isa = PBXBuildFile; fileRef = 8EC71D2129D339DE003ADA44 /* Les_Evenements.swift */; };
		8EC71D2429D33A62003ADA44 /* Evenement.swift in Sources */ = {isa = PBXBuildFile; fileRef = 8EC71D2329D33A62003ADA44 /* Evenement.swift */; };
/* End PBXBuildFile section */

/* Begin PBXContainerItemProxy section */
		8EC71CFF29D32939003ADA44 /* PBXContainerItemProxy */ = {
			isa = PBXContainerItemProxy;
			containerPortal = 8EC71CE029D32938003ADA44 /* Project object */;
			proxyType = 1;
			remoteGlobalIDString = 8EC71CE729D32938003ADA44;
			remoteInfo = "TD4 fichier JSON";
		};
		8EC71D0929D32939003ADA44 /* PBXContainerItemProxy */ = {
			isa = PBXContainerItemProxy;
			containerPortal = 8EC71CE029D32938003ADA44 /* Project object */;
			proxyType = 1;
			remoteGlobalIDString = 8EC71CE729D32938003ADA44;
			remoteInfo = "TD4 fichier JSON";
		};
/* End PBXContainerItemProxy section */

/* Begin PBXFileReference section */
		8EC71CE829D32938003ADA44 /* TD4 fichier JSON.app */ = {isa = PBXFileReference; explicitFileType = wrapper.application; includeInIndex = 0; path = "TD4 fichier JSON.app"; sourceTree = BUILT_PRODUCTS_DIR; };
		8EC71CEB29D32938003ADA44 /* AppDelegate.swift */ = {isa = PBXFileReference; lastKnownFileType = sourcecode.swift; path = AppDelegate.swift; sourceTree = "<group>"; };
		8EC71CED29D32938003ADA44 /* SceneDelegate.swift */ = {isa = PBXFileReference; lastKnownFileType = sourcecode.swift; path = SceneDelegate.swift; sourceTree = "<group>"; };
		8EC71CF229D32938003ADA44 /* Base */ = {isa = PBXFileReference; lastKnownFileType = file.storyboard; name = Base; path = Base.lproj/Main.storyboard; sourceTree = "<group>"; };
		8EC71CF429D32939003ADA44 /* Assets.xcassets */ = {isa = PBXFileReference; lastKnownFileType = folder.assetcatalog; path = Assets.xcassets; sourceTree = "<group>"; };
		8EC71CF729D32939003ADA44 /* Base */ = {isa = PBXFileReference; lastKnownFileType = file.storyboard; name = Base; path = Base.lproj/LaunchScreen.storyboard; sourceTree = "<group>"; };
		8EC71CF929D32939003ADA44 /* Info.plist */ = {isa = PBXFileReference; lastKnownFileType = text.plist.xml; path = Info.plist; sourceTree = "<group>"; };
		8EC71CFE29D32939003ADA44 /* TD4 fichier JSONTests.xctest */ = {isa = PBXFileReference; explicitFileType = wrapper.cfbundle; includeInIndex = 0; path = "TD4 fichier JSONTests.xctest"; sourceTree = BUILT_PRODUCTS_DIR; };
		8EC71D0229D32939003ADA44 /* TD4_fichier_JSONTests.swift */ = {isa = PBXFileReference; lastKnownFileType = sourcecode.swift; path = TD4_fichier_JSONTests.swift; sourceTree = "<group>"; };
		8EC71D0829D32939003ADA44 /* TD4 fichier JSONUITests.xctest */ = {isa = PBXFileReference; explicitFileType = wrapper.cfbundle; includeInIndex = 0; path = "TD4 fichier JSONUITests.xctest"; sourceTree = BUILT_PRODUCTS_DIR; };
		8EC71D0C29D32939003ADA44 /* TD4_fichier_JSONUITests.swift */ = {isa = PBXFileReference; lastKnownFileType = sourcecode.swift; path = TD4_fichier_JSONUITests.swift; sourceTree = "<group>"; };
		8EC71D0E29D32939003ADA44 /* TD4_fichier_JSONUITestsLaunchTests.swift */ = {isa = PBXFileReference; lastKnownFileType = sourcecode.swift; path = TD4_fichier_JSONUITestsLaunchTests.swift; sourceTree = "<group>"; };
		8EC71D1B29D32A9F003ADA44 /* Agenda_Enrichie_Controller.swift */ = {isa = PBXFileReference; lastKnownFileType = sourcecode.swift; path = Agenda_Enrichie_Controller.swift; sourceTree = "<group>"; };
		8EC71D1D29D32F23003ADA44 /* Ajouter_Evenement_VC.swift */ = {isa = PBXFileReference; lastKnownFileType = sourcecode.swift; path = Ajouter_Evenement_VC.swift; sourceTree = "<group>"; };
		8EC71D2129D339DE003ADA44 /* Les_Evenements.swift */ = {isa = PBXFileReference; lastKnownFileType = sourcecode.swift; path = Les_Evenements.swift; sourceTree = "<group>"; };
		8EC71D2329D33A62003ADA44 /* Evenement.swift */ = {isa = PBXFileReference; lastKnownFileType = sourcecode.swift; path = Evenement.swift; sourceTree = "<group>"; };
/* End PBXFileReference section */

/* Begin PBXFrameworksBuildPhase section */
		8EC71CE529D32938003ADA44 /* Frameworks */ = {
			isa = PBXFrameworksBuildPhase;
			buildActionMask = 2147483647;
			files = (
			);
			runOnlyForDeploymentPostprocessing = 0;
		};
		8EC71CFB29D32939003ADA44 /* Frameworks */ = {
			isa = PBXFrameworksBuildPhase;
			buildActionMask = 2147483647;
			files = (
			);
			runOnlyForDeploymentPostprocessing = 0;
		};
		8EC71D0529D32939003ADA44 /* Frameworks */ = {
			isa = PBXFrameworksBuildPhase;
			buildActionMask = 2147483647;
			files = (
			);
			runOnlyForDeploymentPostprocessing = 0;
		};
/* End PBXFrameworksBuildPhase section */

/* Begin PBXGroup section */
		8EC71CDF29D32938003ADA44 = {
			isa = PBXGroup;
			children = (
				8EC71CEA29D32938003ADA44 /* TD4 fichier JSON */,
				8EC71D0129D32939003ADA44 /* TD4 fichier JSONTests */,
				8EC71D0B29D32939003ADA44 /* TD4 fichier JSONUITests */,
				8EC71CE929D32938003ADA44 /* Products */,
			);
			sourceTree = "<group>";
		};
		8EC71CE929D32938003ADA44 /* Products */ = {
			isa = PBXGroup;
			children = (
				8EC71CE829D32938003ADA44 /* TD4 fichier JSON.app */,
				8EC71CFE29D32939003ADA44 /* TD4 fichier JSONTests.xctest */,
				8EC71D0829D32939003ADA44 /* TD4 fichier JSONUITests.xctest */,
			);
			name = Products;
			sourceTree = "<group>";
		};
		8EC71CEA29D32938003ADA44 /* TD4 fichier JSON */ = {
			isa = PBXGroup;
			children = (
				8EC71CEB29D32938003ADA44 /* AppDelegate.swift */,
				8EC71CED29D32938003ADA44 /* SceneDelegate.swift */,
				8EC71CF129D32938003ADA44 /* Main.storyboard */,
				8EC71D1D29D32F23003ADA44 /* Ajouter_Evenement_VC.swift */,
				8EC71D2129D339DE003ADA44 /* Les_Evenements.swift */,
				8EC71D2329D33A62003ADA44 /* Evenement.swift */,
				8EC71D1B29D32A9F003ADA44 /* Agenda_Enrichie_Controller.swift */,
				8EC71CF429D32939003ADA44 /* Assets.xcassets */,
				8EC71CF629D32939003ADA44 /* LaunchScreen.storyboard */,
				8EC71CF929D32939003ADA44 /* Info.plist */,
			);
			path = "TD4 fichier JSON";
			sourceTree = "<group>";
		};
		8EC71D0129D32939003ADA44 /* TD4 fichier JSONTests */ = {
			isa = PBXGroup;
			children = (
				8EC71D0229D32939003ADA44 /* TD4_fichier_JSONTests.swift */,
			);
			path = "TD4 fichier JSONTests";
			sourceTree = "<group>";
		};
		8EC71D0B29D32939003ADA44 /* TD4 fichier JSONUITests */ = {
			isa = PBXGroup;
			children = (
				8EC71D0C29D32939003ADA44 /* TD4_fichier_JSONUITests.swift */,
				8EC71D0E29D32939003ADA44 /* TD4_fichier_JSONUITestsLaunchTests.swift */,
			);
			path = "TD4 fichier JSONUITests";
			sourceTree = "<group>";
		};
/* End PBXGroup section */

/* Begin PBXNativeTarget section */
		8EC71CE729D32938003ADA44 /* TD4 fichier JSON */ = {
			isa = PBXNativeTarget;
			buildConfigurationList = 8EC71D1229D32939003ADA44 /* Build configuration list for PBXNativeTarget "TD4 fichier JSON" */;
			buildPhases = (
				8EC71CE429D32938003ADA44 /* Sources */,
				8EC71CE529D32938003ADA44 /* Frameworks */,
				8EC71CE629D32938003ADA44 /* Resources */,
			);
			buildRules = (
			);
			dependencies = (
			);
			name = "TD4 fichier JSON";
			productName = "TD4 fichier JSON";
			productReference = 8EC71CE829D32938003ADA44 /* TD4 fichier JSON.app */;
			productType = "com.apple.product-type.application";
		};
		8EC71CFD29D32939003ADA44 /* TD4 fichier JSONTests */ = {
			isa = PBXNativeTarget;
			buildConfigurationList = 8EC71D1529D32939003ADA44 /* Build configuration list for PBXNativeTarget "TD4 fichier JSONTests" */;
			buildPhases = (
				8EC71CFA29D32939003ADA44 /* Sources */,
				8EC71CFB29D32939003ADA44 /* Frameworks */,
				8EC71CFC29D32939003ADA44 /* Resources */,
			);
			buildRules = (
			);
			dependencies = (
				8EC71D0029D32939003ADA44 /* PBXTargetDependency */,
			);
			name = "TD4 fichier JSONTests";
			productName = "TD4 fichier JSONTests";
			productReference = 8EC71CFE29D32939003ADA44 /* TD4 fichier JSONTests.xctest */;
			productType = "com.apple.product-type.bundle.unit-test";
		};
		8EC71D0729D32939003ADA44 /* TD4 fichier JSONUITests */ = {
			isa = PBXNativeTarget;
			buildConfigurationList = 8EC71D1829D32939003ADA44 /* Build configuration list for PBXNativeTarget "TD4 fichier JSONUITests" */;
			buildPhases = (
				8EC71D0429D32939003ADA44 /* Sources */,
				8EC71D0529D32939003ADA44 /* Frameworks */,
				8EC71D0629D32939003ADA44 /* Resources */,
			);
			buildRules = (
			);
			dependencies = (
				8EC71D0A29D32939003ADA44 /* PBXTargetDependency */,
			);
			name = "TD4 fichier JSONUITests";
			productName = "TD4 fichier JSONUITests";
			productReference = 8EC71D0829D32939003ADA44 /* TD4 fichier JSONUITests.xctest */;
			productType = "com.apple.product-type.bundle.ui-testing";
		};
/* End PBXNativeTarget section */

/* Begin PBXProject section */
		8EC71CE029D32938003ADA44 /* Project object */ = {
			isa = PBXProject;
			attributes = {
				BuildIndependentTargetsInParallel = 1;
				LastSwiftUpdateCheck = 1420;
				LastUpgradeCheck = 1420;
				TargetAttributes = {
					8EC71CE729D32938003ADA44 = {
						CreatedOnToolsVersion = 14.2;
					};
					8EC71CFD29D32939003ADA44 = {
						CreatedOnToolsVersion = 14.2;
						TestTargetID = 8EC71CE729D32938003ADA44;
					};
					8EC71D0729D32939003ADA44 = {
						CreatedOnToolsVersion = 14.2;
						TestTargetID = 8EC71CE729D32938003ADA44;
					};
				};
			};
			buildConfigurationList = 8EC71CE329D32938003ADA44 /* Build configuration list for PBXProject "TD4 fichier JSON" */;
			compatibilityVersion = "Xcode 14.0";
			developmentRegion = en;
			hasScannedForEncodings = 0;
			knownRegions = (
				en,
				Base,
			);
			mainGroup = 8EC71CDF29D32938003ADA44;
			productRefGroup = 8EC71CE929D32938003ADA44 /* Products */;
			projectDirPath = "";
			projectRoot = "";
			targets = (
				8EC71CE729D32938003ADA44 /* TD4 fichier JSON */,
				8EC71CFD29D32939003ADA44 /* TD4 fichier JSONTests */,
				8EC71D0729D32939003ADA44 /* TD4 fichier JSONUITests */,
			);
		};
/* End PBXProject section */

/* Begin PBXResourcesBuildPhase section */
		8EC71CE629D32938003ADA44 /* Resources */ = {
			isa = PBXResourcesBuildPhase;
			buildActionMask = 2147483647;
			files = (
				8EC71CF829D32939003ADA44 /* LaunchScreen.storyboard in Resources */,
				8EC71CF529D32939003ADA44 /* Assets.xcassets in Resources */,
				8EC71CF329D32938003ADA44 /* Main.storyboard in Resources */,
			);
			runOnlyForDeploymentPostprocessing = 0;
		};
		8EC71CFC29D32939003ADA44 /* Resources */ = {
			isa = PBXResourcesBuildPhase;
			buildActionMask = 2147483647;
			files = (
			);
			runOnlyForDeploymentPostprocessing = 0;
		};
		8EC71D0629D32939003ADA44 /* Resources */ = {
			isa = PBXResourcesBuildPhase;
			buildActionMask = 2147483647;
			files = (
			);
			runOnlyForDeploymentPostprocessing = 0;
		};
/* End PBXResourcesBuildPhase section */

/* Begin PBXSourcesBuildPhase section */
		8EC71CE429D32938003ADA44 /* Sources */ = {
			isa = PBXSourcesBuildPhase;
			buildActionMask = 2147483647;
			files = (
				8EC71D1C29D32A9F003ADA44 /* Agenda_Enrichie_Controller.swift in Sources */,
				8EC71D1E29D32F23003ADA44 /* Ajouter_Evenement_VC.swift in Sources */,
				8EC71D2229D339DE003ADA44 /* Les_Evenements.swift in Sources */,
				8EC71D2429D33A62003ADA44 /* Evenement.swift in Sources */,
				8EC71CEC29D32938003ADA44 /* AppDelegate.swift in Sources */,
				8EC71CEE29D32938003ADA44 /* SceneDelegate.swift in Sources */,
			);
			runOnlyForDeploymentPostprocessing = 0;
		};
		8EC71CFA29D32939003ADA44 /* Sources */ = {
			isa = PBXSourcesBuildPhase;
			buildActionMask = 2147483647;
			files = (
				8EC71D0329D32939003ADA44 /* TD4_fichier_JSONTests.swift in Sources */,
			);
			runOnlyForDeploymentPostprocessing = 0;
		};
		8EC71D0429D32939003ADA44 /* Sources */ = {
			isa = PBXSourcesBuildPhase;
			buildActionMask = 2147483647;
			files = (
				8EC71D0F29D32939003ADA44 /* TD4_fichier_JSONUITestsLaunchTests.swift in Sources */,
				8EC71D0D29D32939003ADA44 /* TD4_fichier_JSONUITests.swift in Sources */,
			);
			runOnlyForDeploymentPostprocessing = 0;
		};
/* End PBXSourcesBuildPhase section */

/* Begin PBXTargetDependency section */
		8EC71D0029D32939003ADA44 /* PBXTargetDependency */ = {
			isa = PBXTargetDependency;
			target = 8EC71CE729D32938003ADA44 /* TD4 fichier JSON */;
			targetProxy = 8EC71CFF29D32939003ADA44 /* PBXContainerItemProxy */;
		};
		8EC71D0A29D32939003ADA44 /* PBXTargetDependency */ = {
			isa = PBXTargetDependency;
			target = 8EC71CE729D32938003ADA44 /* TD4 fichier JSON */;
			targetProxy = 8EC71D0929D32939003ADA44 /* PBXContainerItemProxy */;
		};
/* End PBXTargetDependency section */

/* Begin PBXVariantGroup section */
		8EC71CF129D32938003ADA44 /* Main.storyboard */ = {
			isa = PBXVariantGroup;
			children = (
				8EC71CF229D32938003ADA44 /* Base */,
			);
			name = Main.storyboard;
			sourceTree = "<group>";
		};
		8EC71CF629D32939003ADA44 /* LaunchScreen.storyboard */ = {
			isa = PBXVariantGroup;
			children = (
				8EC71CF729D32939003ADA44 /* Base */,
			);
			name = LaunchScreen.storyboard;
			sourceTree = "<group>";
		};
/* End PBXVariantGroup section */

/* Begin XCBuildConfiguration section */
		8EC71D1029D32939003ADA44 /* Debug */ = {
			isa = XCBuildConfiguration;
			buildSettings = {
				ALWAYS_SEARCH_USER_PATHS = NO;
				CLANG_ANALYZER_NONNULL = YES;
				CLANG_ANALYZER_NUMBER_OBJECT_CONVERSION = YES_AGGRESSIVE;
				CLANG_CXX_LANGUAGE_STANDARD = "gnu++20";
				CLANG_ENABLE_MODULES = YES;
				CLANG_ENABLE_OBJC_ARC = YES;
				CLANG_ENABLE_OBJC_WEAK = YES;
				CLANG_WARN_BLOCK_CAPTURE_AUTORELEASING = YES;
				CLANG_WARN_BOOL_CONVERSION = YES;
				CLANG_WARN_COMMA = YES;
				CLANG_WARN_CONSTANT_CONVERSION = YES;
				CLANG_WARN_DEPRECATED_OBJC_IMPLEMENTATIONS = YES;
				CLANG_WARN_DIRECT_OBJC_ISA_USAGE = YES_ERROR;
				CLANG_WARN_DOCUMENTATION_COMMENTS = YES;
				CLANG_WARN_EMPTY_BODY = YES;
				CLANG_WARN_ENUM_CONVERSION = YES;
				CLANG_WARN_INFINITE_RECURSION = YES;
				CLANG_WARN_INT_CONVERSION = YES;
				CLANG_WARN_NON_LITERAL_NULL_CONVERSION = YES;
				CLANG_WARN_OBJC_IMPLICIT_RETAIN_SELF = YES;
				CLANG_WARN_OBJC_LITERAL_CONVERSION = YES;
				CLANG_WARN_OBJC_ROOT_CLASS = YES_ERROR;
				CLANG_WARN_QUOTED_INCLUDE_IN_FRAMEWORK_HEADER = YES;
				CLANG_WARN_RANGE_LOOP_ANALYSIS = YES;
				CLANG_WARN_STRICT_PROTOTYPES = YES;
				CLANG_WARN_SUSPICIOUS_MOVE = YES;
				CLANG_WARN_UNGUARDED_AVAILABILITY = YES_AGGRESSIVE;
				CLANG_WARN_UNREACHABLE_CODE = YES;
				CLANG_WARN__DUPLICATE_METHOD_MATCH = YES;
				COPY_PHASE_STRIP = NO;
				DEBUG_INFORMATION_FORMAT = dwarf;
				ENABLE_STRICT_OBJC_MSGSEND = YES;
				ENABLE_TESTABILITY = YES;
				GCC_C_LANGUAGE_STANDARD = gnu11;
				GCC_DYNAMIC_NO_PIC = NO;
				GCC_NO_COMMON_BLOCKS = YES;
				GCC_OPTIMIZATION_LEVEL = 0;
				GCC_PREPROCESSOR_DEFINITIONS = (
					"DEBUG=1",
					"$(inherited)",
				);
				GCC_WARN_64_TO_32_BIT_CONVERSION = YES;
				GCC_WARN_ABOUT_RETURN_TYPE = YES_ERROR;
				GCC_WARN_UNDECLARED_SELECTOR = YES;
				GCC_WARN_UNINITIALIZED_AUTOS = YES_AGGRESSIVE;
				GCC_WARN_UNUSED_FUNCTION = YES;
				GCC_WARN_UNUSED_VARIABLE = YES;
				IPHONEOS_DEPLOYMENT_TARGET = 16.2;
				MTL_ENABLE_DEBUG_INFO = INCLUDE_SOURCE;
				MTL_FAST_MATH = YES;
				ONLY_ACTIVE_ARCH = YES;
				SDKROOT = iphoneos;
				SWIFT_ACTIVE_COMPILATION_CONDITIONS = DEBUG;
				SWIFT_OPTIMIZATION_LEVEL = "-Onone";
			};
			name = Debug;
		};
		8EC71D1129D32939003ADA44 /* Release */ = {
			isa = XCBuildConfiguration;
			buildSettings = {
				ALWAYS_SEARCH_USER_PATHS = NO;
				CLANG_ANALYZER_NONNULL = YES;
				CLANG_ANALYZER_NUMBER_OBJECT_CONVERSION = YES_AGGRESSIVE;
				CLANG_CXX_LANGUAGE_STANDARD = "gnu++20";
				CLANG_ENABLE_MODULES = YES;
				CLANG_ENABLE_OBJC_ARC = YES;
				CLANG_ENABLE_OBJC_WEAK = YES;
				CLANG_WARN_BLOCK_CAPTURE_AUTORELEASING = YES;
				CLANG_WARN_BOOL_CONVERSION = YES;
				CLANG_WARN_COMMA = YES;
				CLANG_WARN_CONSTANT_CONVERSION = YES;
				CLANG_WARN_DEPRECATED_OBJC_IMPLEMENTATIONS = YES;
				CLANG_WARN_DIRECT_OBJC_ISA_USAGE = YES_ERROR;
				CLANG_WARN_DOCUMENTATION_COMMENTS = YES;
				CLANG_WARN_EMPTY_BODY = YES;
				CLANG_WARN_ENUM_CONVERSION = YES;
				CLANG_WARN_INFINITE_RECURSION = YES;
				CLANG_WARN_INT_CONVERSION = YES;
				CLANG_WARN_NON_LITERAL_NULL_CONVERSION = YES;
				CLANG_WARN_OBJC_IMPLICIT_RETAIN_SELF = YES;
				CLANG_WARN_OBJC_LITERAL_CONVERSION = YES;
				CLANG_WARN_OBJC_ROOT_CLASS = YES_ERROR;
				CLANG_WARN_QUOTED_INCLUDE_IN_FRAMEWORK_HEADER = YES;
				CLANG_WARN_RANGE_LOOP_ANALYSIS = YES;
				CLANG_WARN_STRICT_PROTOTYPES = YES;
				CLANG_WARN_SUSPICIOUS_MOVE = YES;
				CLANG_WARN_UNGUARDED_AVAILABILITY = YES_AGGRESSIVE;
				CLANG_WARN_UNREACHABLE_CODE = YES;
				CLANG_WARN__DUPLICATE_METHOD_MATCH = YES;
				COPY_PHASE_STRIP = NO;
				DEBUG_INFORMATION_FORMAT = "dwarf-with-dsym";
				ENABLE_NS_ASSERTIONS = NO;
				ENABLE_STRICT_OBJC_MSGSEND = YES;
				GCC_C_LANGUAGE_STANDARD = gnu11;
				GCC_NO_COMMON_BLOCKS = YES;
				GCC_WARN_64_TO_32_BIT_CONVERSION = YES;
				GCC_WARN_ABOUT_RETURN_TYPE = YES_ERROR;
				GCC_WARN_UNDECLARED_SELECTOR = YES;
				GCC_WARN_UNINITIALIZED_AUTOS = YES_AGGRESSIVE;
				GCC_WARN_UNUSED_FUNCTION = YES;
				GCC_WARN_UNUSED_VARIABLE = YES;
				IPHONEOS_DEPLOYMENT_TARGET = 16.2;
				MTL_ENABLE_DEBUG_INFO = NO;
				MTL_FAST_MATH = YES;
				SDKROOT = iphoneos;
				SWIFT_COMPILATION_MODE = wholemodule;
				SWIFT_OPTIMIZATION_LEVEL = "-O";
				VALIDATE_PRODUCT = YES;
			};
			name = Release;
		};
		8EC71D1329D32939003ADA44 /* Debug */ = {
			isa = XCBuildConfiguration;
			buildSettings = {
				ASSETCATALOG_COMPILER_APPICON_NAME = AppIcon;
				ASSETCATALOG_COMPILER_GLOBAL_ACCENT_COLOR_NAME = AccentColor;
				CODE_SIGN_STYLE = Automatic;
				CURRENT_PROJECT_VERSION = 1;
				GENERATE_INFOPLIST_FILE = YES;
				INFOPLIST_FILE = "TD4 fichier JSON/Info.plist";
				INFOPLIST_KEY_UIApplicationSupportsIndirectInputEvents = YES;
				INFOPLIST_KEY_UILaunchStoryboardName = LaunchScreen;
				INFOPLIST_KEY_UIMainStoryboardFile = Main;
				INFOPLIST_KEY_UISupportedInterfaceOrientations_iPad = "UIInterfaceOrientationPortrait UIInterfaceOrientationPortraitUpsideDown UIInterfaceOrientationLandscapeLeft UIInterfaceOrientationLandscapeRight";
				INFOPLIST_KEY_UISupportedInterfaceOrientations_iPhone = "UIInterfaceOrientationPortrait UIInterfaceOrientationLandscapeLeft UIInterfaceOrientationLandscapeRight";
				LD_RUNPATH_SEARCH_PATHS = (
					"$(inherited)",
					"@executable_path/Frameworks",
				);
				MARKETING_VERSION = 1.0;
				PRODUCT_BUNDLE_IDENTIFIER = "premierprojet.TD4-fichier-JSON";
				PRODUCT_NAME = "$(TARGET_NAME)";
				SWIFT_EMIT_LOC_STRINGS = YES;
				SWIFT_VERSION = 5.0;
				TARGETED_DEVICE_FAMILY = "1,2";
			};
			name = Debug;
		};
		8EC71D1429D32939003ADA44 /* Release */ = {
			isa = XCBuildConfiguration;
			buildSettings = {
				ASSETCATALOG_COMPILER_APPICON_NAME = AppIcon;
				ASSETCATALOG_COMPILER_GLOBAL_ACCENT_COLOR_NAME = AccentColor;
				CODE_SIGN_STYLE = Automatic;
				CURRENT_PROJECT_VERSION = 1;
				GENERATE_INFOPLIST_FILE = YES;
				INFOPLIST_FILE = "TD4 fichier JSON/Info.plist";
				INFOPLIST_KEY_UIApplicationSupportsIndirectInputEvents = YES;
				INFOPLIST_KEY_UILaunchStoryboardName = LaunchScreen;
				INFOPLIST_KEY_UIMainStoryboardFile = Main;
				INFOPLIST_KEY_UISupportedInterfaceOrientations_iPad = "UIInterfaceOrientationPortrait UIInterfaceOrientationPortraitUpsideDown UIInterfaceOrientationLandscapeLeft UIInterfaceOrientationLandscapeRight";
				INFOPLIST_KEY_UISupportedInterfaceOrientations_iPhone = "UIInterfaceOrientationPortrait UIInterfaceOrientationLandscapeLeft UIInterfaceOrientationLandscapeRight";
				LD_RUNPATH_SEARCH_PATHS = (
					"$(inherited)",
					"@executable_path/Frameworks",
				);
				MARKETING_VERSION = 1.0;
				PRODUCT_BUNDLE_IDENTIFIER = "premierprojet.TD4-fichier-JSON";
				PRODUCT_NAME = "$(TARGET_NAME)";
				SWIFT_EMIT_LOC_STRINGS = YES;
				SWIFT_VERSION = 5.0;
				TARGETED_DEVICE_FAMILY = "1,2";
			};
			name = Release;
		};
		8EC71D1629D32939003ADA44 /* Debug */ = {
			isa = XCBuildConfiguration;
			buildSettings = {
				ALWAYS_EMBED_SWIFT_STANDARD_LIBRARIES = YES;
				BUNDLE_LOADER = "$(TEST_HOST)";
				CODE_SIGN_STYLE = Automatic;
				CURRENT_PROJECT_VERSION = 1;
				GENERATE_INFOPLIST_FILE = YES;
				IPHONEOS_DEPLOYMENT_TARGET = 16.2;
				MARKETING_VERSION = 1.0;
				PRODUCT_BUNDLE_IDENTIFIER = "premierprojet.TD4-fichier-JSONTests";
				PRODUCT_NAME = "$(TARGET_NAME)";
				SWIFT_EMIT_LOC_STRINGS = NO;
				SWIFT_VERSION = 5.0;
				TARGETED_DEVICE_FAMILY = "1,2";
				TEST_HOST = "$(BUILT_PRODUCTS_DIR)/TD4 fichier JSON.app/$(BUNDLE_EXECUTABLE_FOLDER_PATH)/TD4 fichier JSON";
			};
			name = Debug;
		};
		8EC71D1729D32939003ADA44 /* Release */ = {
			isa = XCBuildConfiguration;
			buildSettings = {
				ALWAYS_EMBED_SWIFT_STANDARD_LIBRARIES = YES;
				BUNDLE_LOADER = "$(TEST_HOST)";
				CODE_SIGN_STYLE = Automatic;
				CURRENT_PROJECT_VERSION = 1;
				GENERATE_INFOPLIST_FILE = YES;
				IPHONEOS_DEPLOYMENT_TARGET = 16.2;
				MARKETING_VERSION = 1.0;
				PRODUCT_BUNDLE_IDENTIFIER = "premierprojet.TD4-fichier-JSONTests";
				PRODUCT_NAME = "$(TARGET_NAME)";
				SWIFT_EMIT_LOC_STRINGS = NO;
				SWIFT_VERSION = 5.0;
				TARGETED_DEVICE_FAMILY = "1,2";
				TEST_HOST = "$(BUILT_PRODUCTS_DIR)/TD4 fichier JSON.app/$(BUNDLE_EXECUTABLE_FOLDER_PATH)/TD4 fichier JSON";
			};
			name = Release;
		};
		8EC71D1929D32939003ADA44 /* Debug */ = {
			isa = XCBuildConfiguration;
			buildSettings = {
				ALWAYS_EMBED_SWIFT_STANDARD_LIBRARIES = YES;
				CODE_SIGN_STYLE = Automatic;
				CURRENT_PROJECT_VERSION = 1;
				GENERATE_INFOPLIST_FILE = YES;
				MARKETING_VERSION = 1.0;
				PRODUCT_BUNDLE_IDENTIFIER = "premierprojet.TD4-fichier-JSONUITests";
				PRODUCT_NAME = "$(TARGET_NAME)";
				SWIFT_EMIT_LOC_STRINGS = NO;
				SWIFT_VERSION = 5.0;
				TARGETED_DEVICE_FAMILY = "1,2";
				TEST_TARGET_NAME = "TD4 fichier JSON";
			};
			name = Debug;
		};
		8EC71D1A29D32939003ADA44 /* Release */ = {
			isa = XCBuildConfiguration;
			buildSettings = {
				ALWAYS_EMBED_SWIFT_STANDARD_LIBRARIES = YES;
				CODE_SIGN_STYLE = Automatic;
				CURRENT_PROJECT_VERSION = 1;
				GENERATE_INFOPLIST_FILE = YES;
				MARKETING_VERSION = 1.0;
				PRODUCT_BUNDLE_IDENTIFIER = "premierprojet.TD4-fichier-JSONUITests";
				PRODUCT_NAME = "$(TARGET_NAME)";
				SWIFT_EMIT_LOC_STRINGS = NO;
				SWIFT_VERSION = 5.0;
				TARGETED_DEVICE_FAMILY = "1,2";
				TEST_TARGET_NAME = "TD4 fichier JSON";
			};
			name = Release;
		};
/* End XCBuildConfiguration section */

/* Begin XCConfigurationList section */
		8EC71CE329D32938003ADA44 /* Build configuration list for PBXProject "TD4 fichier JSON" */ = {
			isa = XCConfigurationList;
			buildConfigurations = (
				8EC71D1029D32939003ADA44 /* Debug */,
				8EC71D1129D32939003ADA44 /* Release */,
			);
			defaultConfigurationIsVisible = 0;
			defaultConfigurationName = Release;
		};
		8EC71D1229D32939003ADA44 /* Build configuration list for PBXNativeTarget "TD4 fichier JSON" */ = {
			isa = XCConfigurationList;
			buildConfigurations = (
				8EC71D1329D32939003ADA44 /* Debug */,
				8EC71D1429D32939003ADA44 /* Release */,
			);
			defaultConfigurationIsVisible = 0;
			defaultConfigurationName = Release;
		};
		8EC71D1529D32939003ADA44 /* Build configuration list for PBXNativeTarget "TD4 fichier JSONTests" */ = {
			isa = XCConfigurationList;
			buildConfigurations = (
				8EC71D1629D32939003ADA44 /* Debug */,
				8EC71D1729D32939003ADA44 /* Release */,
			);
			defaultConfigurationIsVisible = 0;
			defaultConfigurationName = Release;
		};
		8EC71D1829D32939003ADA44 /* Build configuration list for PBXNativeTarget "TD4 fichier JSONUITests" */ = {
			isa = XCConfigurationList;
			buildConfigurations = (
				8EC71D1929D32939003ADA44 /* Debug */,
				8EC71D1A29D32939003ADA44 /* Release */,
			);
			defaultConfigurationIsVisible = 0;
			defaultConfigurationName = Release;
		};
/* End XCConfigurationList section */
	};
	rootObject = 8EC71CE029D32938003ADA44 /* Project object */;
}
