// !$*UTF8*$!
{
	archiveVersion = 1;
	classes = {
	};
	objectVersion = 56;
	objects = {

/* Begin PBXBuildFile section */
		8E47BDD929DEB0A0000C1442 /* Version_View_Controller.swift in Sources */ = {isa = PBXBuildFile; fileRef = 8E47BDD829DEB0A0000C1442 /* Version_View_Controller.swift */; };
		8E47BDDD29DEBCD5000C1442 /* Visualiser_TableViewController.swift in Sources */ = {isa = PBXBuildFile; fileRef = 8E47BDDC29DEBCD5000C1442 /* Visualiser_TableViewController.swift */; };
		8E713CB329DF1436009C025B /* MainNavViewController.swift in Sources */ = {isa = PBXBuildFile; fileRef = 8E713CB229DF1436009C025B /* MainNavViewController.swift */; };
		8EA3C63D29DD635B0042B7C9 /* AppDelegate.swift in Sources */ = {isa = PBXBuildFile; fileRef = 8EA3C63C29DD635B0042B7C9 /* AppDelegate.swift */; };
		8EA3C63F29DD635B0042B7C9 /* SceneDelegate.swift in Sources */ = {isa = PBXBuildFile; fileRef = 8EA3C63E29DD635B0042B7C9 /* SceneDelegate.swift */; };
		8EA3C64429DD635B0042B7C9 /* Main.storyboard in Resources */ = {isa = PBXBuildFile; fileRef = 8EA3C64229DD635B0042B7C9 /* Main.storyboard */; };
		8EA3C64729DD635B0042B7C9 /* projet_fin_global.xcdatamodeld in Sources */ = {isa = PBXBuildFile; fileRef = 8EA3C64529DD635B0042B7C9 /* projet_fin_global.xcdatamodeld */; };
		8EA3C64929DD635C0042B7C9 /* Assets.xcassets in Resources */ = {isa = PBXBuildFile; fileRef = 8EA3C64829DD635C0042B7C9 /* Assets.xcassets */; };
		8EA3C64C29DD635C0042B7C9 /* LaunchScreen.storyboard in Resources */ = {isa = PBXBuildFile; fileRef = 8EA3C64A29DD635C0042B7C9 /* LaunchScreen.storyboard */; };
		8EA3C65729DD635C0042B7C9 /* projet_fin_globalTests.swift in Sources */ = {isa = PBXBuildFile; fileRef = 8EA3C65629DD635C0042B7C9 /* projet_fin_globalTests.swift */; };
		8EA3C66129DD635C0042B7C9 /* projet_fin_globalUITests.swift in Sources */ = {isa = PBXBuildFile; fileRef = 8EA3C66029DD635C0042B7C9 /* projet_fin_globalUITests.swift */; };
		8EA3C66329DD635C0042B7C9 /* projet_fin_globalUITestsLaunchTests.swift in Sources */ = {isa = PBXBuildFile; fileRef = 8EA3C66229DD635C0042B7C9 /* projet_fin_globalUITestsLaunchTests.swift */; };
		8EA3C67029DD63930042B7C9 /* Mot.swift in Sources */ = {isa = PBXBuildFile; fileRef = 8EA3C66F29DD63930042B7C9 /* Mot.swift */; };
		8EA3C67229DD65B00042B7C9 /* Les_Mots.swift in Sources */ = {isa = PBXBuildFile; fileRef = 8EA3C67129DD65B00042B7C9 /* Les_Mots.swift */; };
		8EA3C68029DD84D10042B7C9 /* Chercher_Mot_view_Controller.swift in Sources */ = {isa = PBXBuildFile; fileRef = 8EA3C67F29DD84D10042B7C9 /* Chercher_Mot_view_Controller.swift */; };
		8EA3C68229DD86620042B7C9 /* Ajouter_Mot_View_Controller.swift in Sources */ = {isa = PBXBuildFile; fileRef = 8EA3C68129DD86620042B7C9 /* Ajouter_Mot_View_Controller.swift */; };
/* End PBXBuildFile section */

/* Begin PBXContainerItemProxy section */
		8EA3C65329DD635C0042B7C9 /* PBXContainerItemProxy */ = {
			isa = PBXContainerItemProxy;
			containerPortal = 8EA3C63129DD635B0042B7C9 /* Project object */;
			proxyType = 1;
			remoteGlobalIDString = 8EA3C63829DD635B0042B7C9;
			remoteInfo = projet_fin_global;
		};
		8EA3C65D29DD635C0042B7C9 /* PBXContainerItemProxy */ = {
			isa = PBXContainerItemProxy;
			containerPortal = 8EA3C63129DD635B0042B7C9 /* Project object */;
			proxyType = 1;
			remoteGlobalIDString = 8EA3C63829DD635B0042B7C9;
			remoteInfo = projet_fin_global;
		};
/* End PBXContainerItemProxy section */

/* Begin PBXFileReference section */
		8E47BDD829DEB0A0000C1442 /* Version_View_Controller.swift */ = {isa = PBXFileReference; lastKnownFileType = sourcecode.swift; path = Version_View_Controller.swift; sourceTree = "<group>"; };
		8E47BDDC29DEBCD5000C1442 /* Visualiser_TableViewController.swift */ = {isa = PBXFileReference; lastKnownFileType = sourcecode.swift; path = Visualiser_TableViewController.swift; sourceTree = "<group>"; };
		8E713CB229DF1436009C025B /* MainNavViewController.swift */ = {isa = PBXFileReference; lastKnownFileType = sourcecode.swift; path = MainNavViewController.swift; sourceTree = "<group>"; };
		8EA3C63929DD635B0042B7C9 /* projet_fin_global.app */ = {isa = PBXFileReference; explicitFileType = wrapper.application; includeInIndex = 0; path = projet_fin_global.app; sourceTree = BUILT_PRODUCTS_DIR; };
		8EA3C63C29DD635B0042B7C9 /* AppDelegate.swift */ = {isa = PBXFileReference; lastKnownFileType = sourcecode.swift; path = AppDelegate.swift; sourceTree = "<group>"; };
		8EA3C63E29DD635B0042B7C9 /* SceneDelegate.swift */ = {isa = PBXFileReference; lastKnownFileType = sourcecode.swift; path = SceneDelegate.swift; sourceTree = "<group>"; };
		8EA3C64329DD635B0042B7C9 /* Base */ = {isa = PBXFileReference; lastKnownFileType = file.storyboard; name = Base; path = Base.lproj/Main.storyboard; sourceTree = "<group>"; };
		8EA3C64629DD635B0042B7C9 /* projet_fin_global.xcdatamodel */ = {isa = PBXFileReference; lastKnownFileType = wrapper.xcdatamodel; path = projet_fin_global.xcdatamodel; sourceTree = "<group>"; };
		8EA3C64829DD635C0042B7C9 /* Assets.xcassets */ = {isa = PBXFileReference; lastKnownFileType = folder.assetcatalog; path = Assets.xcassets; sourceTree = "<group>"; };
		8EA3C64B29DD635C0042B7C9 /* Base */ = {isa = PBXFileReference; lastKnownFileType = file.storyboard; name = Base; path = Base.lproj/LaunchScreen.storyboard; sourceTree = "<group>"; };
		8EA3C64D29DD635C0042B7C9 /* Info.plist */ = {isa = PBXFileReference; lastKnownFileType = text.plist.xml; path = Info.plist; sourceTree = "<group>"; };
		8EA3C65229DD635C0042B7C9 /* projet_fin_globalTests.xctest */ = {isa = PBXFileReference; explicitFileType = wrapper.cfbundle; includeInIndex = 0; path = projet_fin_globalTests.xctest; sourceTree = BUILT_PRODUCTS_DIR; };
		8EA3C65629DD635C0042B7C9 /* projet_fin_globalTests.swift */ = {isa = PBXFileReference; lastKnownFileType = sourcecode.swift; path = projet_fin_globalTests.swift; sourceTree = "<group>"; };
		8EA3C65C29DD635C0042B7C9 /* projet_fin_globalUITests.xctest */ = {isa = PBXFileReference; explicitFileType = wrapper.cfbundle; includeInIndex = 0; path = projet_fin_globalUITests.xctest; sourceTree = BUILT_PRODUCTS_DIR; };
		8EA3C66029DD635C0042B7C9 /* projet_fin_globalUITests.swift */ = {isa = PBXFileReference; lastKnownFileType = sourcecode.swift; path = projet_fin_globalUITests.swift; sourceTree = "<group>"; };
		8EA3C66229DD635C0042B7C9 /* projet_fin_globalUITestsLaunchTests.swift */ = {isa = PBXFileReference; lastKnownFileType = sourcecode.swift; path = projet_fin_globalUITestsLaunchTests.swift; sourceTree = "<group>"; };
		8EA3C66F29DD63930042B7C9 /* Mot.swift */ = {isa = PBXFileReference; lastKnownFileType = sourcecode.swift; path = Mot.swift; sourceTree = "<group>"; };
		8EA3C67129DD65B00042B7C9 /* Les_Mots.swift */ = {isa = PBXFileReference; lastKnownFileType = sourcecode.swift; path = Les_Mots.swift; sourceTree = "<group>"; };
		8EA3C67F29DD84D10042B7C9 /* Chercher_Mot_view_Controller.swift */ = {isa = PBXFileReference; lastKnownFileType = sourcecode.swift; path = Chercher_Mot_view_Controller.swift; sourceTree = "<group>"; };
		8EA3C68129DD86620042B7C9 /* Ajouter_Mot_View_Controller.swift */ = {isa = PBXFileReference; lastKnownFileType = sourcecode.swift; path = Ajouter_Mot_View_Controller.swift; sourceTree = "<group>"; };
/* End PBXFileReference section */

/* Begin PBXFrameworksBuildPhase section */
		8EA3C63629DD635B0042B7C9 /* Frameworks */ = {
			isa = PBXFrameworksBuildPhase;
			buildActionMask = 2147483647;
			files = (
			);
			runOnlyForDeploymentPostprocessing = 0;
		};
		8EA3C64F29DD635C0042B7C9 /* Frameworks */ = {
			isa = PBXFrameworksBuildPhase;
			buildActionMask = 2147483647;
			files = (
			);
			runOnlyForDeploymentPostprocessing = 0;
		};
		8EA3C65929DD635C0042B7C9 /* Frameworks */ = {
			isa = PBXFrameworksBuildPhase;
			buildActionMask = 2147483647;
			files = (
			);
			runOnlyForDeploymentPostprocessing = 0;
		};
/* End PBXFrameworksBuildPhase section */

/* Begin PBXGroup section */
		8EA3C63029DD635B0042B7C9 = {
			isa = PBXGroup;
			children = (
				8EA3C63B29DD635B0042B7C9 /* projet_fin_global */,
				8EA3C65529DD635C0042B7C9 /* projet_fin_globalTests */,
				8EA3C65F29DD635C0042B7C9 /* projet_fin_globalUITests */,
				8EA3C63A29DD635B0042B7C9 /* Products */,
			);
			sourceTree = "<group>";
		};
		8EA3C63A29DD635B0042B7C9 /* Products */ = {
			isa = PBXGroup;
			children = (
				8EA3C63929DD635B0042B7C9 /* projet_fin_global.app */,
				8EA3C65229DD635C0042B7C9 /* projet_fin_globalTests.xctest */,
				8EA3C65C29DD635C0042B7C9 /* projet_fin_globalUITests.xctest */,
			);
			name = Products;
			sourceTree = "<group>";
		};
		8EA3C63B29DD635B0042B7C9 /* projet_fin_global */ = {
			isa = PBXGroup;
			children = (
				8EA3C63C29DD635B0042B7C9 /* AppDelegate.swift */,
				8EA3C63E29DD635B0042B7C9 /* SceneDelegate.swift */,
				8EA3C66F29DD63930042B7C9 /* Mot.swift */,
				8EA3C67F29DD84D10042B7C9 /* Chercher_Mot_view_Controller.swift */,
				8EA3C67129DD65B00042B7C9 /* Les_Mots.swift */,
				8E713CB229DF1436009C025B /* MainNavViewController.swift */,
				8EA3C64229DD635B0042B7C9 /* Main.storyboard */,
				8E47BDDC29DEBCD5000C1442 /* Visualiser_TableViewController.swift */,
				8EA3C68129DD86620042B7C9 /* Ajouter_Mot_View_Controller.swift */,
				8E47BDD829DEB0A0000C1442 /* Version_View_Controller.swift */,
				8EA3C64829DD635C0042B7C9 /* Assets.xcassets */,
				8EA3C64A29DD635C0042B7C9 /* LaunchScreen.storyboard */,
				8EA3C64D29DD635C0042B7C9 /* Info.plist */,
				8EA3C64529DD635B0042B7C9 /* projet_fin_global.xcdatamodeld */,
			);
			path = projet_fin_global;
			sourceTree = "<group>";
		};
		8EA3C65529DD635C0042B7C9 /* projet_fin_globalTests */ = {
			isa = PBXGroup;
			children = (
				8EA3C65629DD635C0042B7C9 /* projet_fin_globalTests.swift */,
			);
			path = projet_fin_globalTests;
			sourceTree = "<group>";
		};
		8EA3C65F29DD635C0042B7C9 /* projet_fin_globalUITests */ = {
			isa = PBXGroup;
			children = (
				8EA3C66029DD635C0042B7C9 /* projet_fin_globalUITests.swift */,
				8EA3C66229DD635C0042B7C9 /* projet_fin_globalUITestsLaunchTests.swift */,
			);
			path = projet_fin_globalUITests;
			sourceTree = "<group>";
		};
/* End PBXGroup section */

/* Begin PBXNativeTarget section */
		8EA3C63829DD635B0042B7C9 /* projet_fin_global */ = {
			isa = PBXNativeTarget;
			buildConfigurationList = 8EA3C66629DD635C0042B7C9 /* Build configuration list for PBXNativeTarget "projet_fin_global" */;
			buildPhases = (
				8EA3C63529DD635B0042B7C9 /* Sources */,
				8EA3C63629DD635B0042B7C9 /* Frameworks */,
				8EA3C63729DD635B0042B7C9 /* Resources */,
			);
			buildRules = (
			);
			dependencies = (
			);
			name = projet_fin_global;
			productName = projet_fin_global;
			productReference = 8EA3C63929DD635B0042B7C9 /* projet_fin_global.app */;
			productType = "com.apple.product-type.application";
		};
		8EA3C65129DD635C0042B7C9 /* projet_fin_globalTests */ = {
			isa = PBXNativeTarget;
			buildConfigurationList = 8EA3C66929DD635C0042B7C9 /* Build configuration list for PBXNativeTarget "projet_fin_globalTests" */;
			buildPhases = (
				8EA3C64E29DD635C0042B7C9 /* Sources */,
				8EA3C64F29DD635C0042B7C9 /* Frameworks */,
				8EA3C65029DD635C0042B7C9 /* Resources */,
			);
			buildRules = (
			);
			dependencies = (
				8EA3C65429DD635C0042B7C9 /* PBXTargetDependency */,
			);
			name = projet_fin_globalTests;
			productName = projet_fin_globalTests;
			productReference = 8EA3C65229DD635C0042B7C9 /* projet_fin_globalTests.xctest */;
			productType = "com.apple.product-type.bundle.unit-test";
		};
		8EA3C65B29DD635C0042B7C9 /* projet_fin_globalUITests */ = {
			isa = PBXNativeTarget;
			buildConfigurationList = 8EA3C66C29DD635C0042B7C9 /* Build configuration list for PBXNativeTarget "projet_fin_globalUITests" */;
			buildPhases = (
				8EA3C65829DD635C0042B7C9 /* Sources */,
				8EA3C65929DD635C0042B7C9 /* Frameworks */,
				8EA3C65A29DD635C0042B7C9 /* Resources */,
			);
			buildRules = (
			);
			dependencies = (
				8EA3C65E29DD635C0042B7C9 /* PBXTargetDependency */,
			);
			name = projet_fin_globalUITests;
			productName = projet_fin_globalUITests;
			productReference = 8EA3C65C29DD635C0042B7C9 /* projet_fin_globalUITests.xctest */;
			productType = "com.apple.product-type.bundle.ui-testing";
		};
/* End PBXNativeTarget section */

/* Begin PBXProject section */
		8EA3C63129DD635B0042B7C9 /* Project object */ = {
			isa = PBXProject;
			attributes = {
				BuildIndependentTargetsInParallel = 1;
				LastSwiftUpdateCheck = 1430;
				LastUpgradeCheck = 1430;
				TargetAttributes = {
					8EA3C63829DD635B0042B7C9 = {
						CreatedOnToolsVersion = 14.3;
					};
					8EA3C65129DD635C0042B7C9 = {
						CreatedOnToolsVersion = 14.3;
						TestTargetID = 8EA3C63829DD635B0042B7C9;
					};
					8EA3C65B29DD635C0042B7C9 = {
						CreatedOnToolsVersion = 14.3;
						TestTargetID = 8EA3C63829DD635B0042B7C9;
					};
				};
			};
			buildConfigurationList = 8EA3C63429DD635B0042B7C9 /* Build configuration list for PBXProject "projet_fin_global" */;
			compatibilityVersion = "Xcode 14.0";
			developmentRegion = en;
			hasScannedForEncodings = 0;
			knownRegions = (
				en,
				Base,
			);
			mainGroup = 8EA3C63029DD635B0042B7C9;
			productRefGroup = 8EA3C63A29DD635B0042B7C9 /* Products */;
			projectDirPath = "";
			projectRoot = "";
			targets = (
				8EA3C63829DD635B0042B7C9 /* projet_fin_global */,
				8EA3C65129DD635C0042B7C9 /* projet_fin_globalTests */,
				8EA3C65B29DD635C0042B7C9 /* projet_fin_globalUITests */,
			);
		};
/* End PBXProject section */

/* Begin PBXResourcesBuildPhase section */
		8EA3C63729DD635B0042B7C9 /* Resources */ = {
			isa = PBXResourcesBuildPhase;
			buildActionMask = 2147483647;
			files = (
				8EA3C64C29DD635C0042B7C9 /* LaunchScreen.storyboard in Resources */,
				8EA3C64929DD635C0042B7C9 /* Assets.xcassets in Resources */,
				8EA3C64429DD635B0042B7C9 /* Main.storyboard in Resources */,
			);
			runOnlyForDeploymentPostprocessing = 0;
		};
		8EA3C65029DD635C0042B7C9 /* Resources */ = {
			isa = PBXResourcesBuildPhase;
			buildActionMask = 2147483647;
			files = (
			);
			runOnlyForDeploymentPostprocessing = 0;
		};
		8EA3C65A29DD635C0042B7C9 /* Resources */ = {
			isa = PBXResourcesBuildPhase;
			buildActionMask = 2147483647;
			files = (
			);
			runOnlyForDeploymentPostprocessing = 0;
		};
/* End PBXResourcesBuildPhase section */

/* Begin PBXSourcesBuildPhase section */
		8EA3C63529DD635B0042B7C9 /* Sources */ = {
			isa = PBXSourcesBuildPhase;
			buildActionMask = 2147483647;
			files = (
				8EA3C63D29DD635B0042B7C9 /* AppDelegate.swift in Sources */,
				8EA3C64729DD635B0042B7C9 /* projet_fin_global.xcdatamodeld in Sources */,
				8EA3C67229DD65B00042B7C9 /* Les_Mots.swift in Sources */,
				8E47BDD929DEB0A0000C1442 /* Version_View_Controller.swift in Sources */,
				8EA3C68029DD84D10042B7C9 /* Chercher_Mot_view_Controller.swift in Sources */,
				8E713CB329DF1436009C025B /* MainNavViewController.swift in Sources */,
				8EA3C63F29DD635B0042B7C9 /* SceneDelegate.swift in Sources */,
				8EA3C68229DD86620042B7C9 /* Ajouter_Mot_View_Controller.swift in Sources */,
				8EA3C67029DD63930042B7C9 /* Mot.swift in Sources */,
				8E47BDDD29DEBCD5000C1442 /* Visualiser_TableViewController.swift in Sources */,
			);
			runOnlyForDeploymentPostprocessing = 0;
		};
		8EA3C64E29DD635C0042B7C9 /* Sources */ = {
			isa = PBXSourcesBuildPhase;
			buildActionMask = 2147483647;
			files = (
				8EA3C65729DD635C0042B7C9 /* projet_fin_globalTests.swift in Sources */,
			);
			runOnlyForDeploymentPostprocessing = 0;
		};
		8EA3C65829DD635C0042B7C9 /* Sources */ = {
			isa = PBXSourcesBuildPhase;
			buildActionMask = 2147483647;
			files = (
				8EA3C66129DD635C0042B7C9 /* projet_fin_globalUITests.swift in Sources */,
				8EA3C66329DD635C0042B7C9 /* projet_fin_globalUITestsLaunchTests.swift in Sources */,
			);
			runOnlyForDeploymentPostprocessing = 0;
		};
/* End PBXSourcesBuildPhase section */

/* Begin PBXTargetDependency section */
		8EA3C65429DD635C0042B7C9 /* PBXTargetDependency */ = {
			isa = PBXTargetDependency;
			target = 8EA3C63829DD635B0042B7C9 /* projet_fin_global */;
			targetProxy = 8EA3C65329DD635C0042B7C9 /* PBXContainerItemProxy */;
		};
		8EA3C65E29DD635C0042B7C9 /* PBXTargetDependency */ = {
			isa = PBXTargetDependency;
			target = 8EA3C63829DD635B0042B7C9 /* projet_fin_global */;
			targetProxy = 8EA3C65D29DD635C0042B7C9 /* PBXContainerItemProxy */;
		};
/* End PBXTargetDependency section */

/* Begin PBXVariantGroup section */
		8EA3C64229DD635B0042B7C9 /* Main.storyboard */ = {
			isa = PBXVariantGroup;
			children = (
				8EA3C64329DD635B0042B7C9 /* Base */,
			);
			name = Main.storyboard;
			sourceTree = "<group>";
		};
		8EA3C64A29DD635C0042B7C9 /* LaunchScreen.storyboard */ = {
			isa = PBXVariantGroup;
			children = (
				8EA3C64B29DD635C0042B7C9 /* Base */,
			);
			name = LaunchScreen.storyboard;
			sourceTree = "<group>";
		};
/* End PBXVariantGroup section */

/* Begin XCBuildConfiguration section */
		8EA3C66429DD635C0042B7C9 /* Debug */ = {
			isa = XCBuildConfiguration;
			buildSettings = {
				ALWAYS_SEARCH_USER_PATHS = NO;
				CLANG_ANALYZER_NONNULL = YES;
				CLANG_ANALYZER_NUMBER_OBJECT_CONVERSION = YES_AGGRESSIVE;
				CLANG_CXX_LANGUAGE_STANDARD = "gnu++20";
				CLANG_ENABLE_MODULES = YES;
				CLANG_ENABLE_OBJC_ARC = YES;
				CLANG_ENABLE_OBJC_WEAK = YES;
				CLANG_WARN_BLOCK_CAPTURE_AUTORELEASING = YES;
				CLANG_WARN_BOOL_CONVERSION = YES;
				CLANG_WARN_COMMA = YES;
				CLANG_WARN_CONSTANT_CONVERSION = YES;
				CLANG_WARN_DEPRECATED_OBJC_IMPLEMENTATIONS = YES;
				CLANG_WARN_DIRECT_OBJC_ISA_USAGE = YES_ERROR;
				CLANG_WARN_DOCUMENTATION_COMMENTS = YES;
				CLANG_WARN_EMPTY_BODY = YES;
				CLANG_WARN_ENUM_CONVERSION = YES;
				CLANG_WARN_INFINITE_RECURSION = YES;
				CLANG_WARN_INT_CONVERSION = YES;
				CLANG_WARN_NON_LITERAL_NULL_CONVERSION = YES;
				CLANG_WARN_OBJC_IMPLICIT_RETAIN_SELF = YES;
				CLANG_WARN_OBJC_LITERAL_CONVERSION = YES;
				CLANG_WARN_OBJC_ROOT_CLASS = YES_ERROR;
				CLANG_WARN_QUOTED_INCLUDE_IN_FRAMEWORK_HEADER = YES;
				CLANG_WARN_RANGE_LOOP_ANALYSIS = YES;
				CLANG_WARN_STRICT_PROTOTYPES = YES;
				CLANG_WARN_SUSPICIOUS_MOVE = YES;
				CLANG_WARN_UNGUARDED_AVAILABILITY = YES_AGGRESSIVE;
				CLANG_WARN_UNREACHABLE_CODE = YES;
				CLANG_WARN__DUPLICATE_METHOD_MATCH = YES;
				COPY_PHASE_STRIP = NO;
				DEBUG_INFORMATION_FORMAT = dwarf;
				ENABLE_STRICT_OBJC_MSGSEND = YES;
				ENABLE_TESTABILITY = YES;
				GCC_C_LANGUAGE_STANDARD = gnu11;
				GCC_DYNAMIC_NO_PIC = NO;
				GCC_NO_COMMON_BLOCKS = YES;
				GCC_OPTIMIZATION_LEVEL = 0;
				GCC_PREPROCESSOR_DEFINITIONS = (
					"DEBUG=1",
					"$(inherited)",
				);
				GCC_WARN_64_TO_32_BIT_CONVERSION = YES;
				GCC_WARN_ABOUT_RETURN_TYPE = YES_ERROR;
				GCC_WARN_UNDECLARED_SELECTOR = YES;
				GCC_WARN_UNINITIALIZED_AUTOS = YES_AGGRESSIVE;
				GCC_WARN_UNUSED_FUNCTION = YES;
				GCC_WARN_UNUSED_VARIABLE = YES;
				IPHONEOS_DEPLOYMENT_TARGET = 16.4;
				MTL_ENABLE_DEBUG_INFO = INCLUDE_SOURCE;
				MTL_FAST_MATH = YES;
				ONLY_ACTIVE_ARCH = YES;
				SDKROOT = iphoneos;
				SWIFT_ACTIVE_COMPILATION_CONDITIONS = DEBUG;
				SWIFT_OPTIMIZATION_LEVEL = "-Onone";
			};
			name = Debug;
		};
		8EA3C66529DD635C0042B7C9 /* Release */ = {
			isa = XCBuildConfiguration;
			buildSettings = {
				ALWAYS_SEARCH_USER_PATHS = NO;
				CLANG_ANALYZER_NONNULL = YES;
				CLANG_ANALYZER_NUMBER_OBJECT_CONVERSION = YES_AGGRESSIVE;
				CLANG_CXX_LANGUAGE_STANDARD = "gnu++20";
				CLANG_ENABLE_MODULES = YES;
				CLANG_ENABLE_OBJC_ARC = YES;
				CLANG_ENABLE_OBJC_WEAK = YES;
				CLANG_WARN_BLOCK_CAPTURE_AUTORELEASING = YES;
				CLANG_WARN_BOOL_CONVERSION = YES;
				CLANG_WARN_COMMA = YES;
				CLANG_WARN_CONSTANT_CONVERSION = YES;
				CLANG_WARN_DEPRECATED_OBJC_IMPLEMENTATIONS = YES;
				CLANG_WARN_DIRECT_OBJC_ISA_USAGE = YES_ERROR;
				CLANG_WARN_DOCUMENTATION_COMMENTS = YES;
				CLANG_WARN_EMPTY_BODY = YES;
				CLANG_WARN_ENUM_CONVERSION = YES;
				CLANG_WARN_INFINITE_RECURSION = YES;
				CLANG_WARN_INT_CONVERSION = YES;
				CLANG_WARN_NON_LITERAL_NULL_CONVERSION = YES;
				CLANG_WARN_OBJC_IMPLICIT_RETAIN_SELF = YES;
				CLANG_WARN_OBJC_LITERAL_CONVERSION = YES;
				CLANG_WARN_OBJC_ROOT_CLASS = YES_ERROR;
				CLANG_WARN_QUOTED_INCLUDE_IN_FRAMEWORK_HEADER = YES;
				CLANG_WARN_RANGE_LOOP_ANALYSIS = YES;
				CLANG_WARN_STRICT_PROTOTYPES = YES;
				CLANG_WARN_SUSPICIOUS_MOVE = YES;
				CLANG_WARN_UNGUARDED_AVAILABILITY = YES_AGGRESSIVE;
				CLANG_WARN_UNREACHABLE_CODE = YES;
				CLANG_WARN__DUPLICATE_METHOD_MATCH = YES;
				COPY_PHASE_STRIP = NO;
				DEBUG_INFORMATION_FORMAT = "dwarf-with-dsym";
				ENABLE_NS_ASSERTIONS = NO;
				ENABLE_STRICT_OBJC_MSGSEND = YES;
				GCC_C_LANGUAGE_STANDARD = gnu11;
				GCC_NO_COMMON_BLOCKS = YES;
				GCC_WARN_64_TO_32_BIT_CONVERSION = YES;
				GCC_WARN_ABOUT_RETURN_TYPE = YES_ERROR;
				GCC_WARN_UNDECLARED_SELECTOR = YES;
				GCC_WARN_UNINITIALIZED_AUTOS = YES_AGGRESSIVE;
				GCC_WARN_UNUSED_FUNCTION = YES;
				GCC_WARN_UNUSED_VARIABLE = YES;
				IPHONEOS_DEPLOYMENT_TARGET = 16.4;
				MTL_ENABLE_DEBUG_INFO = NO;
				MTL_FAST_MATH = YES;
				SDKROOT = iphoneos;
				SWIFT_COMPILATION_MODE = wholemodule;
				SWIFT_OPTIMIZATION_LEVEL = "-O";
				VALIDATE_PRODUCT = YES;
			};
			name = Release;
		};
		8EA3C66729DD635C0042B7C9 /* Debug */ = {
			isa = XCBuildConfiguration;
			buildSettings = {
				ASSETCATALOG_COMPILER_APPICON_NAME = AppIcon;
				ASSETCATALOG_COMPILER_GLOBAL_ACCENT_COLOR_NAME = AccentColor;
				CODE_SIGN_STYLE = Automatic;
				CURRENT_PROJECT_VERSION = 1;
				GENERATE_INFOPLIST_FILE = YES;
				INFOPLIST_FILE = projet_fin_global/Info.plist;
				INFOPLIST_KEY_UIApplicationSupportsIndirectInputEvents = YES;
				INFOPLIST_KEY_UILaunchStoryboardName = LaunchScreen;
				INFOPLIST_KEY_UIMainStoryboardFile = Main;
				INFOPLIST_KEY_UISupportedInterfaceOrientations_iPad = "UIInterfaceOrientationPortrait UIInterfaceOrientationPortraitUpsideDown UIInterfaceOrientationLandscapeLeft UIInterfaceOrientationLandscapeRight";
				INFOPLIST_KEY_UISupportedInterfaceOrientations_iPhone = "UIInterfaceOrientationPortrait UIInterfaceOrientationLandscapeLeft UIInterfaceOrientationLandscapeRight";
				LD_RUNPATH_SEARCH_PATHS = (
					"$(inherited)",
					"@executable_path/Frameworks",
				);
				MARKETING_VERSION = 1.0;
				PRODUCT_BUNDLE_IDENTIFIER = "premierprojet.projet-fin-global";
				PRODUCT_NAME = "$(TARGET_NAME)";
				SWIFT_EMIT_LOC_STRINGS = YES;
				SWIFT_VERSION = 5.0;
				TARGETED_DEVICE_FAMILY = "1,2";
			};
			name = Debug;
		};
		8EA3C66829DD635C0042B7C9 /* Release */ = {
			isa = XCBuildConfiguration;
			buildSettings = {
				ASSETCATALOG_COMPILER_APPICON_NAME = AppIcon;
				ASSETCATALOG_COMPILER_GLOBAL_ACCENT_COLOR_NAME = AccentColor;
				CODE_SIGN_STYLE = Automatic;
				CURRENT_PROJECT_VERSION = 1;
				GENERATE_INFOPLIST_FILE = YES;
				INFOPLIST_FILE = projet_fin_global/Info.plist;
				INFOPLIST_KEY_UIApplicationSupportsIndirectInputEvents = YES;
				INFOPLIST_KEY_UILaunchStoryboardName = LaunchScreen;
				INFOPLIST_KEY_UIMainStoryboardFile = Main;
				INFOPLIST_KEY_UISupportedInterfaceOrientations_iPad = "UIInterfaceOrientationPortrait UIInterfaceOrientationPortraitUpsideDown UIInterfaceOrientationLandscapeLeft UIInterfaceOrientationLandscapeRight";
				INFOPLIST_KEY_UISupportedInterfaceOrientations_iPhone = "UIInterfaceOrientationPortrait UIInterfaceOrientationLandscapeLeft UIInterfaceOrientationLandscapeRight";
				LD_RUNPATH_SEARCH_PATHS = (
					"$(inherited)",
					"@executable_path/Frameworks",
				);
				MARKETING_VERSION = 1.0;
				PRODUCT_BUNDLE_IDENTIFIER = "premierprojet.projet-fin-global";
				PRODUCT_NAME = "$(TARGET_NAME)";
				SWIFT_EMIT_LOC_STRINGS = YES;
				SWIFT_VERSION = 5.0;
				TARGETED_DEVICE_FAMILY = "1,2";
			};
			name = Release;
		};
		8EA3C66A29DD635C0042B7C9 /* Debug */ = {
			isa = XCBuildConfiguration;
			buildSettings = {
				ALWAYS_EMBED_SWIFT_STANDARD_LIBRARIES = YES;
				BUNDLE_LOADER = "$(TEST_HOST)";
				CODE_SIGN_STYLE = Automatic;
				CURRENT_PROJECT_VERSION = 1;
				GENERATE_INFOPLIST_FILE = YES;
				IPHONEOS_DEPLOYMENT_TARGET = 16.4;
				MARKETING_VERSION = 1.0;
				PRODUCT_BUNDLE_IDENTIFIER = "premierprojet.projet-fin-globalTests";
				PRODUCT_NAME = "$(TARGET_NAME)";
				SWIFT_EMIT_LOC_STRINGS = NO;
				SWIFT_VERSION = 5.0;
				TARGETED_DEVICE_FAMILY = "1,2";
				TEST_HOST = "$(BUILT_PRODUCTS_DIR)/projet_fin_global.app/$(BUNDLE_EXECUTABLE_FOLDER_PATH)/projet_fin_global";
			};
			name = Debug;
		};
		8EA3C66B29DD635C0042B7C9 /* Release */ = {
			isa = XCBuildConfiguration;
			buildSettings = {
				ALWAYS_EMBED_SWIFT_STANDARD_LIBRARIES = YES;
				BUNDLE_LOADER = "$(TEST_HOST)";
				CODE_SIGN_STYLE = Automatic;
				CURRENT_PROJECT_VERSION = 1;
				GENERATE_INFOPLIST_FILE = YES;
				IPHONEOS_DEPLOYMENT_TARGET = 16.4;
				MARKETING_VERSION = 1.0;
				PRODUCT_BUNDLE_IDENTIFIER = "premierprojet.projet-fin-globalTests";
				PRODUCT_NAME = "$(TARGET_NAME)";
				SWIFT_EMIT_LOC_STRINGS = NO;
				SWIFT_VERSION = 5.0;
				TARGETED_DEVICE_FAMILY = "1,2";
				TEST_HOST = "$(BUILT_PRODUCTS_DIR)/projet_fin_global.app/$(BUNDLE_EXECUTABLE_FOLDER_PATH)/projet_fin_global";
			};
			name = Release;
		};
		8EA3C66D29DD635C0042B7C9 /* Debug */ = {
			isa = XCBuildConfiguration;
			buildSettings = {
				ALWAYS_EMBED_SWIFT_STANDARD_LIBRARIES = YES;
				CODE_SIGN_STYLE = Automatic;
				CURRENT_PROJECT_VERSION = 1;
				GENERATE_INFOPLIST_FILE = YES;
				MARKETING_VERSION = 1.0;
				PRODUCT_BUNDLE_IDENTIFIER = "premierprojet.projet-fin-globalUITests";
				PRODUCT_NAME = "$(TARGET_NAME)";
				SWIFT_EMIT_LOC_STRINGS = NO;
				SWIFT_VERSION = 5.0;
				TARGETED_DEVICE_FAMILY = "1,2";
				TEST_TARGET_NAME = projet_fin_global;
			};
			name = Debug;
		};
		8EA3C66E29DD635C0042B7C9 /* Release */ = {
			isa = XCBuildConfiguration;
			buildSettings = {
				ALWAYS_EMBED_SWIFT_STANDARD_LIBRARIES = YES;
				CODE_SIGN_STYLE = Automatic;
				CURRENT_PROJECT_VERSION = 1;
				GENERATE_INFOPLIST_FILE = YES;
				MARKETING_VERSION = 1.0;
				PRODUCT_BUNDLE_IDENTIFIER = "premierprojet.projet-fin-globalUITests";
				PRODUCT_NAME = "$(TARGET_NAME)";
				SWIFT_EMIT_LOC_STRINGS = NO;
				SWIFT_VERSION = 5.0;
				TARGETED_DEVICE_FAMILY = "1,2";
				TEST_TARGET_NAME = projet_fin_global;
			};
			name = Release;
		};
/* End XCBuildConfiguration section */

/* Begin XCConfigurationList section */
		8EA3C63429DD635B0042B7C9 /* Build configuration list for PBXProject "projet_fin_global" */ = {
			isa = XCConfigurationList;
			buildConfigurations = (
				8EA3C66429DD635C0042B7C9 /* Debug */,
				8EA3C66529DD635C0042B7C9 /* Release */,
			);
			defaultConfigurationIsVisible = 0;
			defaultConfigurationName = Release;
		};
		8EA3C66629DD635C0042B7C9 /* Build configuration list for PBXNativeTarget "projet_fin_global" */ = {
			isa = XCConfigurationList;
			buildConfigurations = (
				8EA3C66729DD635C0042B7C9 /* Debug */,
				8EA3C66829DD635C0042B7C9 /* Release */,
			);
			defaultConfigurationIsVisible = 0;
			defaultConfigurationName = Release;
		};
		8EA3C66929DD635C0042B7C9 /* Build configuration list for PBXNativeTarget "projet_fin_globalTests" */ = {
			isa = XCConfigurationList;
			buildConfigurations = (
				8EA3C66A29DD635C0042B7C9 /* Debug */,
				8EA3C66B29DD635C0042B7C9 /* Release */,
			);
			defaultConfigurationIsVisible = 0;
			defaultConfigurationName = Release;
		};
		8EA3C66C29DD635C0042B7C9 /* Build configuration list for PBXNativeTarget "projet_fin_globalUITests" */ = {
			isa = XCConfigurationList;
			buildConfigurations = (
				8EA3C66D29DD635C0042B7C9 /* Debug */,
				8EA3C66E29DD635C0042B7C9 /* Release */,
			);
			defaultConfigurationIsVisible = 0;
			defaultConfigurationName = Release;
		};
/* End XCConfigurationList section */

/* Begin XCVersionGroup section */
		8EA3C64529DD635B0042B7C9 /* projet_fin_global.xcdatamodeld */ = {
			isa = XCVersionGroup;
			children = (
				8EA3C64629DD635B0042B7C9 /* projet_fin_global.xcdatamodel */,
			);
			currentVersion = 8EA3C64629DD635B0042B7C9 /* projet_fin_global.xcdatamodel */;
			path = projet_fin_global.xcdatamodeld;
			sourceTree = "<group>";
			versionGroupType = wrapper.xcdatamodel;
		};
/* End XCVersionGroup section */
	};
	rootObject = 8EA3C63129DD635B0042B7C9 /* Project object */;
}
