// !$*UTF8*$!
{
	archiveVersion = 1;
	classes = {
	};
	objectVersion = 56;
	objects = {

/* Begin PBXBuildFile section */
		8E59595029C23AAB007A1CBD /* AppDelegate.swift in Sources */ = {isa = PBXBuildFile; fileRef = 8E59594F29C23AAB007A1CBD /* AppDelegate.swift */; };
		8E59595229C23AAB007A1CBD /* SceneDelegate.swift in Sources */ = {isa = PBXBuildFile; fileRef = 8E59595129C23AAB007A1CBD /* SceneDelegate.swift */; };
		8E59595429C23AAB007A1CBD /* ViewController.swift in Sources */ = {isa = PBXBuildFile; fileRef = 8E59595329C23AAB007A1CBD /* ViewController.swift */; };
		8E59595729C23AAB007A1CBD /* Main.storyboard in Resources */ = {isa = PBXBuildFile; fileRef = 8E59595529C23AAB007A1CBD /* Main.storyboard */; };
		8E59595929C23AAC007A1CBD /* Assets.xcassets in Resources */ = {isa = PBXBuildFile; fileRef = 8E59595829C23AAC007A1CBD /* Assets.xcassets */; };
		8E59595C29C23AAC007A1CBD /* LaunchScreen.storyboard in Resources */ = {isa = PBXBuildFile; fileRef = 8E59595A29C23AAC007A1CBD /* LaunchScreen.storyboard */; };
		8E59596729C23AAC007A1CBD /* ClickerTests.swift in Sources */ = {isa = PBXBuildFile; fileRef = 8E59596629C23AAC007A1CBD /* ClickerTests.swift */; };
		8E59597129C23AAC007A1CBD /* ClickerUITests.swift in Sources */ = {isa = PBXBuildFile; fileRef = 8E59597029C23AAC007A1CBD /* ClickerUITests.swift */; };
		8E59597329C23AAC007A1CBD /* ClickerUITestsLaunchTests.swift in Sources */ = {isa = PBXBuildFile; fileRef = 8E59597229C23AAC007A1CBD /* ClickerUITestsLaunchTests.swift */; };
/* End PBXBuildFile section */

/* Begin PBXContainerItemProxy section */
		8E59596329C23AAC007A1CBD /* PBXContainerItemProxy */ = {
			isa = PBXContainerItemProxy;
			containerPortal = 8E59594429C23AAB007A1CBD /* Project object */;
			proxyType = 1;
			remoteGlobalIDString = 8E59594B29C23AAB007A1CBD;
			remoteInfo = Clicker;
		};
		8E59596D29C23AAC007A1CBD /* PBXContainerItemProxy */ = {
			isa = PBXContainerItemProxy;
			containerPortal = 8E59594429C23AAB007A1CBD /* Project object */;
			proxyType = 1;
			remoteGlobalIDString = 8E59594B29C23AAB007A1CBD;
			remoteInfo = Clicker;
		};
/* End PBXContainerItemProxy section */

/* Begin PBXFileReference section */
		8E59594C29C23AAB007A1CBD /* Clicker.app */ = {isa = PBXFileReference; explicitFileType = wrapper.application; includeInIndex = 0; path = Clicker.app; sourceTree = BUILT_PRODUCTS_DIR; };
		8E59594F29C23AAB007A1CBD /* AppDelegate.swift */ = {isa = PBXFileReference; lastKnownFileType = sourcecode.swift; path = AppDelegate.swift; sourceTree = "<group>"; };
		8E59595129C23AAB007A1CBD /* SceneDelegate.swift */ = {isa = PBXFileReference; lastKnownFileType = sourcecode.swift; path = SceneDelegate.swift; sourceTree = "<group>"; };
		8E59595329C23AAB007A1CBD /* ViewController.swift */ = {isa = PBXFileReference; lastKnownFileType = sourcecode.swift; path = ViewController.swift; sourceTree = "<group>"; };
		8E59595629C23AAB007A1CBD /* Base */ = {isa = PBXFileReference; lastKnownFileType = file.storyboard; name = Base; path = Base.lproj/Main.storyboard; sourceTree = "<group>"; };
		8E59595829C23AAC007A1CBD /* Assets.xcassets */ = {isa = PBXFileReference; lastKnownFileType = folder.assetcatalog; path = Assets.xcassets; sourceTree = "<group>"; };
		8E59595B29C23AAC007A1CBD /* Base */ = {isa = PBXFileReference; lastKnownFileType = file.storyboard; name = Base; path = Base.lproj/LaunchScreen.storyboard; sourceTree = "<group>"; };
		8E59595D29C23AAC007A1CBD /* Info.plist */ = {isa = PBXFileReference; lastKnownFileType = text.plist.xml; path = Info.plist; sourceTree = "<group>"; };
		8E59596229C23AAC007A1CBD /* ClickerTests.xctest */ = {isa = PBXFileReference; explicitFileType = wrapper.cfbundle; includeInIndex = 0; path = ClickerTests.xctest; sourceTree = BUILT_PRODUCTS_DIR; };
		8E59596629C23AAC007A1CBD /* ClickerTests.swift */ = {isa = PBXFileReference; lastKnownFileType = sourcecode.swift; path = ClickerTests.swift; sourceTree = "<group>"; };
		8E59596C29C23AAC007A1CBD /* ClickerUITests.xctest */ = {isa = PBXFileReference; explicitFileType = wrapper.cfbundle; includeInIndex = 0; path = ClickerUITests.xctest; sourceTree = BUILT_PRODUCTS_DIR; };
		8E59597029C23AAC007A1CBD /* ClickerUITests.swift */ = {isa = PBXFileReference; lastKnownFileType = sourcecode.swift; path = ClickerUITests.swift; sourceTree = "<group>"; };
		8E59597229C23AAC007A1CBD /* ClickerUITestsLaunchTests.swift */ = {isa = PBXFileReference; lastKnownFileType = sourcecode.swift; path = ClickerUITestsLaunchTests.swift; sourceTree = "<group>"; };
/* End PBXFileReference section */

/* Begin PBXFrameworksBuildPhase section */
		8E59594929C23AAB007A1CBD /* Frameworks */ = {
			isa = PBXFrameworksBuildPhase;
			buildActionMask = 2147483647;
			files = (
			);
			runOnlyForDeploymentPostprocessing = 0;
		};
		8E59595F29C23AAC007A1CBD /* Frameworks */ = {
			isa = PBXFrameworksBuildPhase;
			buildActionMask = 2147483647;
			files = (
			);
			runOnlyForDeploymentPostprocessing = 0;
		};
		8E59596929C23AAC007A1CBD /* Frameworks */ = {
			isa = PBXFrameworksBuildPhase;
			buildActionMask = 2147483647;
			files = (
			);
			runOnlyForDeploymentPostprocessing = 0;
		};
/* End PBXFrameworksBuildPhase section */

/* Begin PBXGroup section */
		8E59594329C23AAB007A1CBD = {
			isa = PBXGroup;
			children = (
				8E59594E29C23AAB007A1CBD /* Clicker */,
				8E59596529C23AAC007A1CBD /* ClickerTests */,
				8E59596F29C23AAC007A1CBD /* ClickerUITests */,
				8E59594D29C23AAB007A1CBD /* Products */,
			);
			sourceTree = "<group>";
		};
		8E59594D29C23AAB007A1CBD /* Products */ = {
			isa = PBXGroup;
			children = (
				8E59594C29C23AAB007A1CBD /* Clicker.app */,
				8E59596229C23AAC007A1CBD /* ClickerTests.xctest */,
				8E59596C29C23AAC007A1CBD /* ClickerUITests.xctest */,
			);
			name = Products;
			sourceTree = "<group>";
		};
		8E59594E29C23AAB007A1CBD /* Clicker */ = {
			isa = PBXGroup;
			children = (
				8E59594F29C23AAB007A1CBD /* AppDelegate.swift */,
				8E59595129C23AAB007A1CBD /* SceneDelegate.swift */,
				8E59595329C23AAB007A1CBD /* ViewController.swift */,
				8E59595529C23AAB007A1CBD /* Main.storyboard */,
				8E59595829C23AAC007A1CBD /* Assets.xcassets */,
				8E59595A29C23AAC007A1CBD /* LaunchScreen.storyboard */,
				8E59595D29C23AAC007A1CBD /* Info.plist */,
			);
			path = Clicker;
			sourceTree = "<group>";
		};
		8E59596529C23AAC007A1CBD /* ClickerTests */ = {
			isa = PBXGroup;
			children = (
				8E59596629C23AAC007A1CBD /* ClickerTests.swift */,
			);
			path = ClickerTests;
			sourceTree = "<group>";
		};
		8E59596F29C23AAC007A1CBD /* ClickerUITests */ = {
			isa = PBXGroup;
			children = (
				8E59597029C23AAC007A1CBD /* ClickerUITests.swift */,
				8E59597229C23AAC007A1CBD /* ClickerUITestsLaunchTests.swift */,
			);
			path = ClickerUITests;
			sourceTree = "<group>";
		};
/* End PBXGroup section */

/* Begin PBXNativeTarget section */
		8E59594B29C23AAB007A1CBD /* Clicker */ = {
			isa = PBXNativeTarget;
			buildConfigurationList = 8E59597629C23AAC007A1CBD /* Build configuration list for PBXNativeTarget "Clicker" */;
			buildPhases = (
				8E59594829C23AAB007A1CBD /* Sources */,
				8E59594929C23AAB007A1CBD /* Frameworks */,
				8E59594A29C23AAB007A1CBD /* Resources */,
			);
			buildRules = (
			);
			dependencies = (
			);
			name = Clicker;
			productName = Clicker;
			productReference = 8E59594C29C23AAB007A1CBD /* Clicker.app */;
			productType = "com.apple.product-type.application";
		};
		8E59596129C23AAC007A1CBD /* ClickerTests */ = {
			isa = PBXNativeTarget;
			buildConfigurationList = 8E59597929C23AAC007A1CBD /* Build configuration list for PBXNativeTarget "ClickerTests" */;
			buildPhases = (
				8E59595E29C23AAC007A1CBD /* Sources */,
				8E59595F29C23AAC007A1CBD /* Frameworks */,
				8E59596029C23AAC007A1CBD /* Resources */,
			);
			buildRules = (
			);
			dependencies = (
				8E59596429C23AAC007A1CBD /* PBXTargetDependency */,
			);
			name = ClickerTests;
			productName = ClickerTests;
			productReference = 8E59596229C23AAC007A1CBD /* ClickerTests.xctest */;
			productType = "com.apple.product-type.bundle.unit-test";
		};
		8E59596B29C23AAC007A1CBD /* ClickerUITests */ = {
			isa = PBXNativeTarget;
			buildConfigurationList = 8E59597C29C23AAC007A1CBD /* Build configuration list for PBXNativeTarget "ClickerUITests" */;
			buildPhases = (
				8E59596829C23AAC007A1CBD /* Sources */,
				8E59596929C23AAC007A1CBD /* Frameworks */,
				8E59596A29C23AAC007A1CBD /* Resources */,
			);
			buildRules = (
			);
			dependencies = (
				8E59596E29C23AAC007A1CBD /* PBXTargetDependency */,
			);
			name = ClickerUITests;
			productName = ClickerUITests;
			productReference = 8E59596C29C23AAC007A1CBD /* ClickerUITests.xctest */;
			productType = "com.apple.product-type.bundle.ui-testing";
		};
/* End PBXNativeTarget section */

/* Begin PBXProject section */
		8E59594429C23AAB007A1CBD /* Project object */ = {
			isa = PBXProject;
			attributes = {
				BuildIndependentTargetsInParallel = 1;
				LastSwiftUpdateCheck = 1420;
				LastUpgradeCheck = 1420;
				TargetAttributes = {
					8E59594B29C23AAB007A1CBD = {
						CreatedOnToolsVersion = 14.2;
					};
					8E59596129C23AAC007A1CBD = {
						CreatedOnToolsVersion = 14.2;
						TestTargetID = 8E59594B29C23AAB007A1CBD;
					};
					8E59596B29C23AAC007A1CBD = {
						CreatedOnToolsVersion = 14.2;
						TestTargetID = 8E59594B29C23AAB007A1CBD;
					};
				};
			};
			buildConfigurationList = 8E59594729C23AAB007A1CBD /* Build configuration list for PBXProject "Clicker" */;
			compatibilityVersion = "Xcode 14.0";
			developmentRegion = en;
			hasScannedForEncodings = 0;
			knownRegions = (
				en,
				Base,
			);
			mainGroup = 8E59594329C23AAB007A1CBD;
			productRefGroup = 8E59594D29C23AAB007A1CBD /* Products */;
			projectDirPath = "";
			projectRoot = "";
			targets = (
				8E59594B29C23AAB007A1CBD /* Clicker */,
				8E59596129C23AAC007A1CBD /* ClickerTests */,
				8E59596B29C23AAC007A1CBD /* ClickerUITests */,
			);
		};
/* End PBXProject section */

/* Begin PBXResourcesBuildPhase section */
		8E59594A29C23AAB007A1CBD /* Resources */ = {
			isa = PBXResourcesBuildPhase;
			buildActionMask = 2147483647;
			files = (
				8E59595C29C23AAC007A1CBD /* LaunchScreen.storyboard in Resources */,
				8E59595929C23AAC007A1CBD /* Assets.xcassets in Resources */,
				8E59595729C23AAB007A1CBD /* Main.storyboard in Resources */,
			);
			runOnlyForDeploymentPostprocessing = 0;
		};
		8E59596029C23AAC007A1CBD /* Resources */ = {
			isa = PBXResourcesBuildPhase;
			buildActionMask = 2147483647;
			files = (
			);
			runOnlyForDeploymentPostprocessing = 0;
		};
		8E59596A29C23AAC007A1CBD /* Resources */ = {
			isa = PBXResourcesBuildPhase;
			buildActionMask = 2147483647;
			files = (
			);
			runOnlyForDeploymentPostprocessing = 0;
		};
/* End PBXResourcesBuildPhase section */

/* Begin PBXSourcesBuildPhase section */
		8E59594829C23AAB007A1CBD /* Sources */ = {
			isa = PBXSourcesBuildPhase;
			buildActionMask = 2147483647;
			files = (
				8E59595429C23AAB007A1CBD /* ViewController.swift in Sources */,
				8E59595029C23AAB007A1CBD /* AppDelegate.swift in Sources */,
				8E59595229C23AAB007A1CBD /* SceneDelegate.swift in Sources */,
			);
			runOnlyForDeploymentPostprocessing = 0;
		};
		8E59595E29C23AAC007A1CBD /* Sources */ = {
			isa = PBXSourcesBuildPhase;
			buildActionMask = 2147483647;
			files = (
				8E59596729C23AAC007A1CBD /* ClickerTests.swift in Sources */,
			);
			runOnlyForDeploymentPostprocessing = 0;
		};
		8E59596829C23AAC007A1CBD /* Sources */ = {
			isa = PBXSourcesBuildPhase;
			buildActionMask = 2147483647;
			files = (
				8E59597329C23AAC007A1CBD /* ClickerUITestsLaunchTests.swift in Sources */,
				8E59597129C23AAC007A1CBD /* ClickerUITests.swift in Sources */,
			);
			runOnlyForDeploymentPostprocessing = 0;
		};
/* End PBXSourcesBuildPhase section */

/* Begin PBXTargetDependency section */
		8E59596429C23AAC007A1CBD /* PBXTargetDependency */ = {
			isa = PBXTargetDependency;
			target = 8E59594B29C23AAB007A1CBD /* Clicker */;
			targetProxy = 8E59596329C23AAC007A1CBD /* PBXContainerItemProxy */;
		};
		8E59596E29C23AAC007A1CBD /* PBXTargetDependency */ = {
			isa = PBXTargetDependency;
			target = 8E59594B29C23AAB007A1CBD /* Clicker */;
			targetProxy = 8E59596D29C23AAC007A1CBD /* PBXContainerItemProxy */;
		};
/* End PBXTargetDependency section */

/* Begin PBXVariantGroup section */
		8E59595529C23AAB007A1CBD /* Main.storyboard */ = {
			isa = PBXVariantGroup;
			children = (
				8E59595629C23AAB007A1CBD /* Base */,
			);
			name = Main.storyboard;
			sourceTree = "<group>";
		};
		8E59595A29C23AAC007A1CBD /* LaunchScreen.storyboard */ = {
			isa = PBXVariantGroup;
			children = (
				8E59595B29C23AAC007A1CBD /* Base */,
			);
			name = LaunchScreen.storyboard;
			sourceTree = "<group>";
		};
/* End PBXVariantGroup section */

/* Begin XCBuildConfiguration section */
		8E59597429C23AAC007A1CBD /* Debug */ = {
			isa = XCBuildConfiguration;
			buildSettings = {
				ALWAYS_SEARCH_USER_PATHS = NO;
				CLANG_ANALYZER_NONNULL = YES;
				CLANG_ANALYZER_NUMBER_OBJECT_CONVERSION = YES_AGGRESSIVE;
				CLANG_CXX_LANGUAGE_STANDARD = "gnu++20";
				CLANG_ENABLE_MODULES = YES;
				CLANG_ENABLE_OBJC_ARC = YES;
				CLANG_ENABLE_OBJC_WEAK = YES;
				CLANG_WARN_BLOCK_CAPTURE_AUTORELEASING = YES;
				CLANG_WARN_BOOL_CONVERSION = YES;
				CLANG_WARN_COMMA = YES;
				CLANG_WARN_CONSTANT_CONVERSION = YES;
				CLANG_WARN_DEPRECATED_OBJC_IMPLEMENTATIONS = YES;
				CLANG_WARN_DIRECT_OBJC_ISA_USAGE = YES_ERROR;
				CLANG_WARN_DOCUMENTATION_COMMENTS = YES;
				CLANG_WARN_EMPTY_BODY = YES;
				CLANG_WARN_ENUM_CONVERSION = YES;
				CLANG_WARN_INFINITE_RECURSION = YES;
				CLANG_WARN_INT_CONVERSION = YES;
				CLANG_WARN_NON_LITERAL_NULL_CONVERSION = YES;
				CLANG_WARN_OBJC_IMPLICIT_RETAIN_SELF = YES;
				CLANG_WARN_OBJC_LITERAL_CONVERSION = YES;
				CLANG_WARN_OBJC_ROOT_CLASS = YES_ERROR;
				CLANG_WARN_QUOTED_INCLUDE_IN_FRAMEWORK_HEADER = YES;
				CLANG_WARN_RANGE_LOOP_ANALYSIS = YES;
				CLANG_WARN_STRICT_PROTOTYPES = YES;
				CLANG_WARN_SUSPICIOUS_MOVE = YES;
				CLANG_WARN_UNGUARDED_AVAILABILITY = YES_AGGRESSIVE;
				CLANG_WARN_UNREACHABLE_CODE = YES;
				CLANG_WARN__DUPLICATE_METHOD_MATCH = YES;
				COPY_PHASE_STRIP = NO;
				DEBUG_INFORMATION_FORMAT = dwarf;
				ENABLE_STRICT_OBJC_MSGSEND = YES;
				ENABLE_TESTABILITY = YES;
				GCC_C_LANGUAGE_STANDARD = gnu11;
				GCC_DYNAMIC_NO_PIC = NO;
				GCC_NO_COMMON_BLOCKS = YES;
				GCC_OPTIMIZATION_LEVEL = 0;
				GCC_PREPROCESSOR_DEFINITIONS = (
					"DEBUG=1",
					"$(inherited)",
				);
				GCC_WARN_64_TO_32_BIT_CONVERSION = YES;
				GCC_WARN_ABOUT_RETURN_TYPE = YES_ERROR;
				GCC_WARN_UNDECLARED_SELECTOR = YES;
				GCC_WARN_UNINITIALIZED_AUTOS = YES_AGGRESSIVE;
				GCC_WARN_UNUSED_FUNCTION = YES;
				GCC_WARN_UNUSED_VARIABLE = YES;
				IPHONEOS_DEPLOYMENT_TARGET = 16.2;
				MTL_ENABLE_DEBUG_INFO = INCLUDE_SOURCE;
				MTL_FAST_MATH = YES;
				ONLY_ACTIVE_ARCH = YES;
				SDKROOT = iphoneos;
				SWIFT_ACTIVE_COMPILATION_CONDITIONS = DEBUG;
				SWIFT_OPTIMIZATION_LEVEL = "-Onone";
			};
			name = Debug;
		};
		8E59597529C23AAC007A1CBD /* Release */ = {
			isa = XCBuildConfiguration;
			buildSettings = {
				ALWAYS_SEARCH_USER_PATHS = NO;
				CLANG_ANALYZER_NONNULL = YES;
				CLANG_ANALYZER_NUMBER_OBJECT_CONVERSION = YES_AGGRESSIVE;
				CLANG_CXX_LANGUAGE_STANDARD = "gnu++20";
				CLANG_ENABLE_MODULES = YES;
				CLANG_ENABLE_OBJC_ARC = YES;
				CLANG_ENABLE_OBJC_WEAK = YES;
				CLANG_WARN_BLOCK_CAPTURE_AUTORELEASING = YES;
				CLANG_WARN_BOOL_CONVERSION = YES;
				CLANG_WARN_COMMA = YES;
				CLANG_WARN_CONSTANT_CONVERSION = YES;
				CLANG_WARN_DEPRECATED_OBJC_IMPLEMENTATIONS = YES;
				CLANG_WARN_DIRECT_OBJC_ISA_USAGE = YES_ERROR;
				CLANG_WARN_DOCUMENTATION_COMMENTS = YES;
				CLANG_WARN_EMPTY_BODY = YES;
				CLANG_WARN_ENUM_CONVERSION = YES;
				CLANG_WARN_INFINITE_RECURSION = YES;
				CLANG_WARN_INT_CONVERSION = YES;
				CLANG_WARN_NON_LITERAL_NULL_CONVERSION = YES;
				CLANG_WARN_OBJC_IMPLICIT_RETAIN_SELF = YES;
				CLANG_WARN_OBJC_LITERAL_CONVERSION = YES;
				CLANG_WARN_OBJC_ROOT_CLASS = YES_ERROR;
				CLANG_WARN_QUOTED_INCLUDE_IN_FRAMEWORK_HEADER = YES;
				CLANG_WARN_RANGE_LOOP_ANALYSIS = YES;
				CLANG_WARN_STRICT_PROTOTYPES = YES;
				CLANG_WARN_SUSPICIOUS_MOVE = YES;
				CLANG_WARN_UNGUARDED_AVAILABILITY = YES_AGGRESSIVE;
				CLANG_WARN_UNREACHABLE_CODE = YES;
				CLANG_WARN__DUPLICATE_METHOD_MATCH = YES;
				COPY_PHASE_STRIP = NO;
				DEBUG_INFORMATION_FORMAT = "dwarf-with-dsym";
				ENABLE_NS_ASSERTIONS = NO;
				ENABLE_STRICT_OBJC_MSGSEND = YES;
				GCC_C_LANGUAGE_STANDARD = gnu11;
				GCC_NO_COMMON_BLOCKS = YES;
				GCC_WARN_64_TO_32_BIT_CONVERSION = YES;
				GCC_WARN_ABOUT_RETURN_TYPE = YES_ERROR;
				GCC_WARN_UNDECLARED_SELECTOR = YES;
				GCC_WARN_UNINITIALIZED_AUTOS = YES_AGGRESSIVE;
				GCC_WARN_UNUSED_FUNCTION = YES;
				GCC_WARN_UNUSED_VARIABLE = YES;
				IPHONEOS_DEPLOYMENT_TARGET = 16.2;
				MTL_ENABLE_DEBUG_INFO = NO;
				MTL_FAST_MATH = YES;
				SDKROOT = iphoneos;
				SWIFT_COMPILATION_MODE = wholemodule;
				SWIFT_OPTIMIZATION_LEVEL = "-O";
				VALIDATE_PRODUCT = YES;
			};
			name = Release;
		};
		8E59597729C23AAC007A1CBD /* Debug */ = {
			isa = XCBuildConfiguration;
			buildSettings = {
				ASSETCATALOG_COMPILER_APPICON_NAME = AppIcon;
				ASSETCATALOG_COMPILER_GLOBAL_ACCENT_COLOR_NAME = AccentColor;
				CODE_SIGN_STYLE = Automatic;
				CURRENT_PROJECT_VERSION = 1;
				GENERATE_INFOPLIST_FILE = YES;
				INFOPLIST_FILE = Clicker/Info.plist;
				INFOPLIST_KEY_UIApplicationSupportsIndirectInputEvents = YES;
				INFOPLIST_KEY_UILaunchStoryboardName = LaunchScreen;
				INFOPLIST_KEY_UIMainStoryboardFile = Main;
				INFOPLIST_KEY_UISupportedInterfaceOrientations_iPad = "UIInterfaceOrientationPortrait UIInterfaceOrientationPortraitUpsideDown UIInterfaceOrientationLandscapeLeft UIInterfaceOrientationLandscapeRight";
				INFOPLIST_KEY_UISupportedInterfaceOrientations_iPhone = "UIInterfaceOrientationPortrait UIInterfaceOrientationLandscapeLeft UIInterfaceOrientationLandscapeRight";
				LD_RUNPATH_SEARCH_PATHS = (
					"$(inherited)",
					"@executable_path/Frameworks",
				);
				MARKETING_VERSION = 1.0;
				PRODUCT_BUNDLE_IDENTIFIER = premierprojet.Clicker;
				PRODUCT_NAME = "$(TARGET_NAME)";
				SWIFT_EMIT_LOC_STRINGS = YES;
				SWIFT_VERSION = 5.0;
				TARGETED_DEVICE_FAMILY = "1,2";
			};
			name = Debug;
		};
		8E59597829C23AAC007A1CBD /* Release */ = {
			isa = XCBuildConfiguration;
			buildSettings = {
				ASSETCATALOG_COMPILER_APPICON_NAME = AppIcon;
				ASSETCATALOG_COMPILER_GLOBAL_ACCENT_COLOR_NAME = AccentColor;
				CODE_SIGN_STYLE = Automatic;
				CURRENT_PROJECT_VERSION = 1;
				GENERATE_INFOPLIST_FILE = YES;
				INFOPLIST_FILE = Clicker/Info.plist;
				INFOPLIST_KEY_UIApplicationSupportsIndirectInputEvents = YES;
				INFOPLIST_KEY_UILaunchStoryboardName = LaunchScreen;
				INFOPLIST_KEY_UIMainStoryboardFile = Main;
				INFOPLIST_KEY_UISupportedInterfaceOrientations_iPad = "UIInterfaceOrientationPortrait UIInterfaceOrientationPortraitUpsideDown UIInterfaceOrientationLandscapeLeft UIInterfaceOrientationLandscapeRight";
				INFOPLIST_KEY_UISupportedInterfaceOrientations_iPhone = "UIInterfaceOrientationPortrait UIInterfaceOrientationLandscapeLeft UIInterfaceOrientationLandscapeRight";
				LD_RUNPATH_SEARCH_PATHS = (
					"$(inherited)",
					"@executable_path/Frameworks",
				);
				MARKETING_VERSION = 1.0;
				PRODUCT_BUNDLE_IDENTIFIER = premierprojet.Clicker;
				PRODUCT_NAME = "$(TARGET_NAME)";
				SWIFT_EMIT_LOC_STRINGS = YES;
				SWIFT_VERSION = 5.0;
				TARGETED_DEVICE_FAMILY = "1,2";
			};
			name = Release;
		};
		8E59597A29C23AAC007A1CBD /* Debug */ = {
			isa = XCBuildConfiguration;
			buildSettings = {
				ALWAYS_EMBED_SWIFT_STANDARD_LIBRARIES = YES;
				BUNDLE_LOADER = "$(TEST_HOST)";
				CODE_SIGN_STYLE = Automatic;
				CURRENT_PROJECT_VERSION = 1;
				GENERATE_INFOPLIST_FILE = YES;
				IPHONEOS_DEPLOYMENT_TARGET = 16.2;
				MARKETING_VERSION = 1.0;
				PRODUCT_BUNDLE_IDENTIFIER = premierprojet.ClickerTests;
				PRODUCT_NAME = "$(TARGET_NAME)";
				SWIFT_EMIT_LOC_STRINGS = NO;
				SWIFT_VERSION = 5.0;
				TARGETED_DEVICE_FAMILY = "1,2";
				TEST_HOST = "$(BUILT_PRODUCTS_DIR)/Clicker.app/$(BUNDLE_EXECUTABLE_FOLDER_PATH)/Clicker";
			};
			name = Debug;
		};
		8E59597B29C23AAC007A1CBD /* Release */ = {
			isa = XCBuildConfiguration;
			buildSettings = {
				ALWAYS_EMBED_SWIFT_STANDARD_LIBRARIES = YES;
				BUNDLE_LOADER = "$(TEST_HOST)";
				CODE_SIGN_STYLE = Automatic;
				CURRENT_PROJECT_VERSION = 1;
				GENERATE_INFOPLIST_FILE = YES;
				IPHONEOS_DEPLOYMENT_TARGET = 16.2;
				MARKETING_VERSION = 1.0;
				PRODUCT_BUNDLE_IDENTIFIER = premierprojet.ClickerTests;
				PRODUCT_NAME = "$(TARGET_NAME)";
				SWIFT_EMIT_LOC_STRINGS = NO;
				SWIFT_VERSION = 5.0;
				TARGETED_DEVICE_FAMILY = "1,2";
				TEST_HOST = "$(BUILT_PRODUCTS_DIR)/Clicker.app/$(BUNDLE_EXECUTABLE_FOLDER_PATH)/Clicker";
			};
			name = Release;
		};
		8E59597D29C23AAC007A1CBD /* Debug */ = {
			isa = XCBuildConfiguration;
			buildSettings = {
				ALWAYS_EMBED_SWIFT_STANDARD_LIBRARIES = YES;
				CODE_SIGN_STYLE = Automatic;
				CURRENT_PROJECT_VERSION = 1;
				GENERATE_INFOPLIST_FILE = YES;
				MARKETING_VERSION = 1.0;
				PRODUCT_BUNDLE_IDENTIFIER = premierprojet.ClickerUITests;
				PRODUCT_NAME = "$(TARGET_NAME)";
				SWIFT_EMIT_LOC_STRINGS = NO;
				SWIFT_VERSION = 5.0;
				TARGETED_DEVICE_FAMILY = "1,2";
				TEST_TARGET_NAME = Clicker;
			};
			name = Debug;
		};
		8E59597E29C23AAC007A1CBD /* Release */ = {
			isa = XCBuildConfiguration;
			buildSettings = {
				ALWAYS_EMBED_SWIFT_STANDARD_LIBRARIES = YES;
				CODE_SIGN_STYLE = Automatic;
				CURRENT_PROJECT_VERSION = 1;
				GENERATE_INFOPLIST_FILE = YES;
				MARKETING_VERSION = 1.0;
				PRODUCT_BUNDLE_IDENTIFIER = premierprojet.ClickerUITests;
				PRODUCT_NAME = "$(TARGET_NAME)";
				SWIFT_EMIT_LOC_STRINGS = NO;
				SWIFT_VERSION = 5.0;
				TARGETED_DEVICE_FAMILY = "1,2";
				TEST_TARGET_NAME = Clicker;
			};
			name = Release;
		};
/* End XCBuildConfiguration section */

/* Begin XCConfigurationList section */
		8E59594729C23AAB007A1CBD /* Build configuration list for PBXProject "Clicker" */ = {
			isa = XCConfigurationList;
			buildConfigurations = (
				8E59597429C23AAC007A1CBD /* Debug */,
				8E59597529C23AAC007A1CBD /* Release */,
			);
			defaultConfigurationIsVisible = 0;
			defaultConfigurationName = Release;
		};
		8E59597629C23AAC007A1CBD /* Build configuration list for PBXNativeTarget "Clicker" */ = {
			isa = XCConfigurationList;
			buildConfigurations = (
				8E59597729C23AAC007A1CBD /* Debug */,
				8E59597829C23AAC007A1CBD /* Release */,
			);
			defaultConfigurationIsVisible = 0;
			defaultConfigurationName = Release;
		};
		8E59597929C23AAC007A1CBD /* Build configuration list for PBXNativeTarget "ClickerTests" */ = {
			isa = XCConfigurationList;
			buildConfigurations = (
				8E59597A29C23AAC007A1CBD /* Debug */,
				8E59597B29C23AAC007A1CBD /* Release */,
			);
			defaultConfigurationIsVisible = 0;
			defaultConfigurationName = Release;
		};
		8E59597C29C23AAC007A1CBD /* Build configuration list for PBXNativeTarget "ClickerUITests" */ = {
			isa = XCConfigurationList;
			buildConfigurations = (
				8E59597D29C23AAC007A1CBD /* Debug */,
				8E59597E29C23AAC007A1CBD /* Release */,
			);
			defaultConfigurationIsVisible = 0;
			defaultConfigurationName = Release;
		};
/* End XCConfigurationList section */
	};
	rootObject = 8E59594429C23AAB007A1CBD /* Project object */;
}
